// !$*UTF8*$!
{
	archiveVersion = 1;
	classes = {
	};
	objectVersion = 46;
	objects = {

/* Begin PBXBuildFile section */
		30A6FEC1670A78F2979A7698 /* Pods_AttendanceApp.framework in Frameworks */ = {isa = PBXBuildFile; fileRef = 0B76507ED862382A5B9C5109 /* Pods_AttendanceApp.framework */; };
		F824D9FF1EA5F8C50098B2FE /* AppDelegate.m in Sources */ = {isa = PBXBuildFile; fileRef = F824D9FD1EA5F8C50098B2FE /* AppDelegate.m */; };
		F824DA001EA5F8C50098B2FE /* main.m in Sources */ = {isa = PBXBuildFile; fileRef = F824D9FE1EA5F8C50098B2FE /* main.m */; };
		F824DA221EA5FBBF0098B2FE /* UIColor+expanded.m in Sources */ = {isa = PBXBuildFile; fileRef = F824DA101EA5FBBF0098B2FE /* UIColor+expanded.m */; };
		F824DA241EA5FBBF0098B2FE /* UILabel+DZAutoSize.m in Sources */ = {isa = PBXBuildFile; fileRef = F824DA141EA5FBBF0098B2FE /* UILabel+DZAutoSize.m */; };
		F824DA251EA5FBBF0098B2FE /* UIView+Extension.m in Sources */ = {isa = PBXBuildFile; fileRef = F824DA161EA5FBBF0098B2FE /* UIView+Extension.m */; };
		F824DA261EA5FBBF0098B2FE /* UIView+ZUtility.m in Sources */ = {isa = PBXBuildFile; fileRef = F824DA181EA5FBBF0098B2FE /* UIView+ZUtility.m */; };
		F82B51A71EC587A7004328D8 /* DZAskForLeaveHandle.m in Sources */ = {isa = PBXBuildFile; fileRef = F82B51A61EC587A7004328D8 /* DZAskForLeaveHandle.m */; };
		F82B51AA1EC592CB004328D8 /* DZLeaveTypeModel.m in Sources */ = {isa = PBXBuildFile; fileRef = F82B51A91EC592CB004328D8 /* DZLeaveTypeModel.m */; };
		F82FDD2D1EA859170042664C /* LXActionSheet.m in Sources */ = {isa = PBXBuildFile; fileRef = F82FDD2C1EA859170042664C /* LXActionSheet.m */; };
		F82FDD311EA85E8E0042664C /* DZMainViewController.m in Sources */ = {isa = PBXBuildFile; fileRef = F82FDD301EA85E8E0042664C /* DZMainViewController.m */; };
		F82FDD341EA861280042664C /* DZNavigationController.m in Sources */ = {isa = PBXBuildFile; fileRef = F82FDD331EA861280042664C /* DZNavigationController.m */; };
		F82FDD371EA8864B0042664C /* UIImage+DZIamge.m in Sources */ = {isa = PBXBuildFile; fileRef = F82FDD361EA8864B0042664C /* UIImage+DZIamge.m */; };
		F82FDD441EA89C420042664C /* GFCalendarCell.m in Sources */ = {isa = PBXBuildFile; fileRef = F82FDD3B1EA89C420042664C /* GFCalendarCell.m */; };
		F82FDD451EA89C420042664C /* GFCalendarMonth.m in Sources */ = {isa = PBXBuildFile; fileRef = F82FDD3D1EA89C420042664C /* GFCalendarMonth.m */; };
		F82FDD461EA89C420042664C /* GFCalendarScrollView.m in Sources */ = {isa = PBXBuildFile; fileRef = F82FDD3F1EA89C420042664C /* GFCalendarScrollView.m */; };
		F82FDD471EA89C420042664C /* GFCalendarView.m in Sources */ = {isa = PBXBuildFile; fileRef = F82FDD411EA89C420042664C /* GFCalendarView.m */; };
		F82FDD481EA89C420042664C /* NSDate+GFCalendar.m in Sources */ = {isa = PBXBuildFile; fileRef = F82FDD431EA89C420042664C /* NSDate+GFCalendar.m */; };
		F82FDD4B1EA89D110042664C /* DZDayDetailViewController.m in Sources */ = {isa = PBXBuildFile; fileRef = F82FDD4A1EA89D110042664C /* DZDayDetailViewController.m */; };
		F82FDD551EA8BAE90042664C /* QRCodeScanningVC.m in Sources */ = {isa = PBXBuildFile; fileRef = F82FDD521EA8BAE90042664C /* QRCodeScanningVC.m */; };
		F82FDD561EA8BAE90042664C /* ScanSuccessJumpVC.m in Sources */ = {isa = PBXBuildFile; fileRef = F82FDD541EA8BAE90042664C /* ScanSuccessJumpVC.m */; };
		F82FDD6B1EA8BB840042664C /* UIImage+SGHelper.m in Sources */ = {isa = PBXBuildFile; fileRef = F82FDD5A1EA8BB840042664C /* UIImage+SGHelper.m */; };
		F82FDD6C1EA8BB840042664C /* SGQRCodeScanningVC.m in Sources */ = {isa = PBXBuildFile; fileRef = F82FDD5D1EA8BB840042664C /* SGQRCodeScanningVC.m */; };
		F82FDD6D1EA8BB840042664C /* SGQRCodeScanningView.m in Sources */ = {isa = PBXBuildFile; fileRef = F82FDD601EA8BB840042664C /* SGQRCodeScanningView.m */; };
		F82FDD6E1EA8BB840042664C /* SGWebView.m in Sources */ = {isa = PBXBuildFile; fileRef = F82FDD621EA8BB840042664C /* SGWebView.m */; };
		F82FDD6F1EA8BB840042664C /* SGQRCodeConst.m in Sources */ = {isa = PBXBuildFile; fileRef = F82FDD651EA8BB840042664C /* SGQRCodeConst.m */; };
		F82FDD701EA8BB840042664C /* SGQRCode.bundle in Resources */ = {isa = PBXBuildFile; fileRef = F82FDD661EA8BB840042664C /* SGQRCode.bundle */; };
		F82FDD711EA8BB840042664C /* SGQRCodeTool.m in Sources */ = {isa = PBXBuildFile; fileRef = F82FDD6A1EA8BB840042664C /* SGQRCodeTool.m */; };
		F834749F1EC441140091AE4F /* LLBaseHandler.m in Sources */ = {isa = PBXBuildFile; fileRef = F834749E1EC441140091AE4F /* LLBaseHandler.m */; };
		F83474A21EC441530091AE4F /* DZLogInHandler.m in Sources */ = {isa = PBXBuildFile; fileRef = F83474A11EC441530091AE4F /* DZLogInHandler.m */; };
		F83474A41EC4474D0091AE4F /* Security.framework in Frameworks */ = {isa = PBXBuildFile; fileRef = F83474A31EC4474D0091AE4F /* Security.framework */; };
		F83474A81EC4486A0091AE4F /* KKUUIDManager.m in Sources */ = {isa = PBXBuildFile; fileRef = F83474A71EC4486A0091AE4F /* KKUUIDManager.m */; };
		F83474AB1EC448BA0091AE4F /* KKKeyChain.m in Sources */ = {isa = PBXBuildFile; fileRef = F83474AA1EC448BA0091AE4F /* KKKeyChain.m */; };
		F86337901EA84D9600C75420 /* DZLoginViewController.m in Sources */ = {isa = PBXBuildFile; fileRef = F863378F1EA84D9600C75420 /* DZLoginViewController.m */; };
		F87ED04C1EC942850082A762 /* DZOverTimeHandle.m in Sources */ = {isa = PBXBuildFile; fileRef = F87ED04B1EC942850082A762 /* DZOverTimeHandle.m */; };
		F87ED04F1EC9AC280082A762 /* DZClockInHandler.m in Sources */ = {isa = PBXBuildFile; fileRef = F87ED04E1EC9AC280082A762 /* DZClockInHandler.m */; };
		F8B4F22E1EA9A7840052874A /* DZAskForLeaveViewController.m in Sources */ = {isa = PBXBuildFile; fileRef = F8B4F22D1EA9A7840052874A /* DZAskForLeaveViewController.m */; };
		F8B4F2311EA9B8140052874A /* UITextField+DatePicker.m in Sources */ = {isa = PBXBuildFile; fileRef = F8B4F2301EA9B8140052874A /* UITextField+DatePicker.m */; };
		F8B4F2341EA9EE4E0052874A /* DZWorkOverTimeViewController.m in Sources */ = {isa = PBXBuildFile; fileRef = F8B4F2331EA9EE4E0052874A /* DZWorkOverTimeViewController.m */; };
		F8C6C6701EA5E22500CB1680 /* Assets.xcassets in Resources */ = {isa = PBXBuildFile; fileRef = F8C6C66F1EA5E22500CB1680 /* Assets.xcassets */; };
		F8C6C6731EA5E22500CB1680 /* LaunchScreen.storyboard in Resources */ = {isa = PBXBuildFile; fileRef = F8C6C6711EA5E22500CB1680 /* LaunchScreen.storyboard */; };
		F8C6C67E1EA5E22500CB1680 /* AttendanceAppTests.m in Sources */ = {isa = PBXBuildFile; fileRef = F8C6C67D1EA5E22500CB1680 /* AttendanceAppTests.m */; };
		F8C6C6891EA5E22500CB1680 /* AttendanceAppUITests.m in Sources */ = {isa = PBXBuildFile; fileRef = F8C6C6881EA5E22500CB1680 /* AttendanceAppUITests.m */; };
		F8C6C6A01EA5E3A300CB1680 /* AFHttpClient.m in Sources */ = {isa = PBXBuildFile; fileRef = F8C6C69C1EA5E3A300CB1680 /* AFHttpClient.m */; };
		F8C6C6A11EA5E3A300CB1680 /* LLURLHelper.m in Sources */ = {isa = PBXBuildFile; fileRef = F8C6C69F1EA5E3A300CB1680 /* LLURLHelper.m */; };
/* End PBXBuildFile section */

/* Begin PBXContainerItemProxy section */
		F8C6C67A1EA5E22500CB1680 /* PBXContainerItemProxy */ = {
			isa = PBXContainerItemProxy;
			containerPortal = F8C6C6581EA5E22500CB1680 /* Project object */;
			proxyType = 1;
			remoteGlobalIDString = F8C6C65F1EA5E22500CB1680;
			remoteInfo = AttendanceApp;
		};
		F8C6C6851EA5E22500CB1680 /* PBXContainerItemProxy */ = {
			isa = PBXContainerItemProxy;
			containerPortal = F8C6C6581EA5E22500CB1680 /* Project object */;
			proxyType = 1;
			remoteGlobalIDString = F8C6C65F1EA5E22500CB1680;
			remoteInfo = AttendanceApp;
		};
/* End PBXContainerItemProxy section */

/* Begin PBXFileReference section */
		0B76507ED862382A5B9C5109 /* Pods_AttendanceApp.framework */ = {isa = PBXFileReference; explicitFileType = wrapper.framework; includeInIndex = 0; path = Pods_AttendanceApp.framework; sourceTree = BUILT_PRODUCTS_DIR; };
		7B16A87C3852F78C915E36F8 /* Pods-AttendanceApp.release.xcconfig */ = {isa = PBXFileReference; includeInIndex = 1; lastKnownFileType = text.xcconfig; name = "Pods-AttendanceApp.release.xcconfig"; path = "Pods/Target Support Files/Pods-AttendanceApp/Pods-AttendanceApp.release.xcconfig"; sourceTree = "<group>"; };
		F2A59115E113468F125EA128 /* Pods-AttendanceApp.debug.xcconfig */ = {isa = PBXFileReference; includeInIndex = 1; lastKnownFileType = text.xcconfig; name = "Pods-AttendanceApp.debug.xcconfig"; path = "Pods/Target Support Files/Pods-AttendanceApp/Pods-AttendanceApp.debug.xcconfig"; sourceTree = "<group>"; };
		F824D9FA1EA5F8440098B2FE /* NotificationConsts.h */ = {isa = PBXFileReference; lastKnownFileType = sourcecode.c.h; path = NotificationConsts.h; sourceTree = "<group>"; };
		F824D9FB1EA5F89D0098B2FE /* PrefixHeader.pch */ = {isa = PBXFileReference; lastKnownFileType = sourcecode.c.h; name = PrefixHeader.pch; path = ../Main/PrefixHeader.pch; sourceTree = "<group>"; };
		F824D9FC1EA5F8C50098B2FE /* AppDelegate.h */ = {isa = PBXFileReference; fileEncoding = 4; lastKnownFileType = sourcecode.c.h; path = AppDelegate.h; sourceTree = "<group>"; };
		F824D9FD1EA5F8C50098B2FE /* AppDelegate.m */ = {isa = PBXFileReference; fileEncoding = 4; lastKnownFileType = sourcecode.c.objc; path = AppDelegate.m; sourceTree = "<group>"; };
		F824D9FE1EA5F8C50098B2FE /* main.m */ = {isa = PBXFileReference; fileEncoding = 4; lastKnownFileType = sourcecode.c.objc; name = main.m; path = Main/main.m; sourceTree = "<group>"; };
		F824DA0F1EA5FBBF0098B2FE /* UIColor+expanded.h */ = {isa = PBXFileReference; fileEncoding = 4; lastKnownFileType = sourcecode.c.h; path = "UIColor+expanded.h"; sourceTree = "<group>"; };
		F824DA101EA5FBBF0098B2FE /* UIColor+expanded.m */ = {isa = PBXFileReference; fileEncoding = 4; lastKnownFileType = sourcecode.c.objc; path = "UIColor+expanded.m"; sourceTree = "<group>"; };
		F824DA131EA5FBBF0098B2FE /* UILabel+DZAutoSize.h */ = {isa = PBXFileReference; fileEncoding = 4; lastKnownFileType = sourcecode.c.h; path = "UILabel+DZAutoSize.h"; sourceTree = "<group>"; };
		F824DA141EA5FBBF0098B2FE /* UILabel+DZAutoSize.m */ = {isa = PBXFileReference; fileEncoding = 4; lastKnownFileType = sourcecode.c.objc; path = "UILabel+DZAutoSize.m"; sourceTree = "<group>"; };
		F824DA151EA5FBBF0098B2FE /* UIView+Extension.h */ = {isa = PBXFileReference; fileEncoding = 4; lastKnownFileType = sourcecode.c.h; path = "UIView+Extension.h"; sourceTree = "<group>"; };
		F824DA161EA5FBBF0098B2FE /* UIView+Extension.m */ = {isa = PBXFileReference; fileEncoding = 4; lastKnownFileType = sourcecode.c.objc; path = "UIView+Extension.m"; sourceTree = "<group>"; };
		F824DA171EA5FBBF0098B2FE /* UIView+ZUtility.h */ = {isa = PBXFileReference; fileEncoding = 4; lastKnownFileType = sourcecode.c.h; path = "UIView+ZUtility.h"; sourceTree = "<group>"; };
		F824DA181EA5FBBF0098B2FE /* UIView+ZUtility.m */ = {isa = PBXFileReference; fileEncoding = 4; lastKnownFileType = sourcecode.c.objc; path = "UIView+ZUtility.m"; sourceTree = "<group>"; };
		F82B51A51EC587A7004328D8 /* DZAskForLeaveHandle.h */ = {isa = PBXFileReference; fileEncoding = 4; lastKnownFileType = sourcecode.c.h; path = DZAskForLeaveHandle.h; sourceTree = "<group>"; };
		F82B51A61EC587A7004328D8 /* DZAskForLeaveHandle.m */ = {isa = PBXFileReference; fileEncoding = 4; lastKnownFileType = sourcecode.c.objc; path = DZAskForLeaveHandle.m; sourceTree = "<group>"; };
		F82B51A81EC592CB004328D8 /* DZLeaveTypeModel.h */ = {isa = PBXFileReference; fileEncoding = 4; lastKnownFileType = sourcecode.c.h; path = DZLeaveTypeModel.h; sourceTree = "<group>"; };
		F82B51A91EC592CB004328D8 /* DZLeaveTypeModel.m */ = {isa = PBXFileReference; fileEncoding = 4; lastKnownFileType = sourcecode.c.objc; path = DZLeaveTypeModel.m; sourceTree = "<group>"; };
		F82FDD2B1EA859170042664C /* LXActionSheet.h */ = {isa = PBXFileReference; fileEncoding = 4; lastKnownFileType = sourcecode.c.h; path = LXActionSheet.h; sourceTree = "<group>"; };
		F82FDD2C1EA859170042664C /* LXActionSheet.m */ = {isa = PBXFileReference; fileEncoding = 4; lastKnownFileType = sourcecode.c.objc; path = LXActionSheet.m; sourceTree = "<group>"; };
		F82FDD2F1EA85E8E0042664C /* DZMainViewController.h */ = {isa = PBXFileReference; fileEncoding = 4; lastKnownFileType = sourcecode.c.h; path = DZMainViewController.h; sourceTree = "<group>"; };
		F82FDD301EA85E8E0042664C /* DZMainViewController.m */ = {isa = PBXFileReference; fileEncoding = 4; lastKnownFileType = sourcecode.c.objc; path = DZMainViewController.m; sourceTree = "<group>"; };
		F82FDD321EA861280042664C /* DZNavigationController.h */ = {isa = PBXFileReference; fileEncoding = 4; lastKnownFileType = sourcecode.c.h; path = DZNavigationController.h; sourceTree = "<group>"; };
		F82FDD331EA861280042664C /* DZNavigationController.m */ = {isa = PBXFileReference; fileEncoding = 4; lastKnownFileType = sourcecode.c.objc; path = DZNavigationController.m; sourceTree = "<group>"; };
		F82FDD351EA8864B0042664C /* UIImage+DZIamge.h */ = {isa = PBXFileReference; fileEncoding = 4; lastKnownFileType = sourcecode.c.h; path = "UIImage+DZIamge.h"; sourceTree = "<group>"; };
		F82FDD361EA8864B0042664C /* UIImage+DZIamge.m */ = {isa = PBXFileReference; fileEncoding = 4; lastKnownFileType = sourcecode.c.objc; path = "UIImage+DZIamge.m"; sourceTree = "<group>"; };
		F82FDD391EA89C420042664C /* GFCalendar.h */ = {isa = PBXFileReference; fileEncoding = 4; lastKnownFileType = sourcecode.c.h; path = GFCalendar.h; sourceTree = "<group>"; };
		F82FDD3A1EA89C420042664C /* GFCalendarCell.h */ = {isa = PBXFileReference; fileEncoding = 4; lastKnownFileType = sourcecode.c.h; path = GFCalendarCell.h; sourceTree = "<group>"; };
		F82FDD3B1EA89C420042664C /* GFCalendarCell.m */ = {isa = PBXFileReference; fileEncoding = 4; lastKnownFileType = sourcecode.c.objc; path = GFCalendarCell.m; sourceTree = "<group>"; };
		F82FDD3C1EA89C420042664C /* GFCalendarMonth.h */ = {isa = PBXFileReference; fileEncoding = 4; lastKnownFileType = sourcecode.c.h; path = GFCalendarMonth.h; sourceTree = "<group>"; };
		F82FDD3D1EA89C420042664C /* GFCalendarMonth.m */ = {isa = PBXFileReference; fileEncoding = 4; lastKnownFileType = sourcecode.c.objc; path = GFCalendarMonth.m; sourceTree = "<group>"; };
		F82FDD3E1EA89C420042664C /* GFCalendarScrollView.h */ = {isa = PBXFileReference; fileEncoding = 4; lastKnownFileType = sourcecode.c.h; path = GFCalendarScrollView.h; sourceTree = "<group>"; };
		F82FDD3F1EA89C420042664C /* GFCalendarScrollView.m */ = {isa = PBXFileReference; fileEncoding = 4; lastKnownFileType = sourcecode.c.objc; path = GFCalendarScrollView.m; sourceTree = "<group>"; };
		F82FDD401EA89C420042664C /* GFCalendarView.h */ = {isa = PBXFileReference; fileEncoding = 4; lastKnownFileType = sourcecode.c.h; path = GFCalendarView.h; sourceTree = "<group>"; };
		F82FDD411EA89C420042664C /* GFCalendarView.m */ = {isa = PBXFileReference; fileEncoding = 4; lastKnownFileType = sourcecode.c.objc; path = GFCalendarView.m; sourceTree = "<group>"; };
		F82FDD421EA89C420042664C /* NSDate+GFCalendar.h */ = {isa = PBXFileReference; fileEncoding = 4; lastKnownFileType = sourcecode.c.h; path = "NSDate+GFCalendar.h"; sourceTree = "<group>"; };
		F82FDD431EA89C420042664C /* NSDate+GFCalendar.m */ = {isa = PBXFileReference; fileEncoding = 4; lastKnownFileType = sourcecode.c.objc; path = "NSDate+GFCalendar.m"; sourceTree = "<group>"; };
		F82FDD491EA89D110042664C /* DZDayDetailViewController.h */ = {isa = PBXFileReference; fileEncoding = 4; lastKnownFileType = sourcecode.c.h; path = DZDayDetailViewController.h; sourceTree = "<group>"; };
		F82FDD4A1EA89D110042664C /* DZDayDetailViewController.m */ = {isa = PBXFileReference; fileEncoding = 4; lastKnownFileType = sourcecode.c.objc; path = DZDayDetailViewController.m; sourceTree = "<group>"; };
		F82FDD511EA8BAE90042664C /* QRCodeScanningVC.h */ = {isa = PBXFileReference; fileEncoding = 4; lastKnownFileType = sourcecode.c.h; path = QRCodeScanningVC.h; sourceTree = "<group>"; };
		F82FDD521EA8BAE90042664C /* QRCodeScanningVC.m */ = {isa = PBXFileReference; fileEncoding = 4; lastKnownFileType = sourcecode.c.objc; path = QRCodeScanningVC.m; sourceTree = "<group>"; };
		F82FDD531EA8BAE90042664C /* ScanSuccessJumpVC.h */ = {isa = PBXFileReference; fileEncoding = 4; lastKnownFileType = sourcecode.c.h; path = ScanSuccessJumpVC.h; sourceTree = "<group>"; };
		F82FDD541EA8BAE90042664C /* ScanSuccessJumpVC.m */ = {isa = PBXFileReference; fileEncoding = 4; lastKnownFileType = sourcecode.c.objc; path = ScanSuccessJumpVC.m; sourceTree = "<group>"; };
		F82FDD591EA8BB840042664C /* UIImage+SGHelper.h */ = {isa = PBXFileReference; fileEncoding = 4; lastKnownFileType = sourcecode.c.h; path = "UIImage+SGHelper.h"; sourceTree = "<group>"; };
		F82FDD5A1EA8BB840042664C /* UIImage+SGHelper.m */ = {isa = PBXFileReference; fileEncoding = 4; lastKnownFileType = sourcecode.c.objc; path = "UIImage+SGHelper.m"; sourceTree = "<group>"; };
		F82FDD5C1EA8BB840042664C /* SGQRCodeScanningVC.h */ = {isa = PBXFileReference; fileEncoding = 4; lastKnownFileType = sourcecode.c.h; path = SGQRCodeScanningVC.h; sourceTree = "<group>"; };
		F82FDD5D1EA8BB840042664C /* SGQRCodeScanningVC.m */ = {isa = PBXFileReference; fileEncoding = 4; lastKnownFileType = sourcecode.c.objc; path = SGQRCodeScanningVC.m; sourceTree = "<group>"; };
		F82FDD5F1EA8BB840042664C /* SGQRCodeScanningView.h */ = {isa = PBXFileReference; fileEncoding = 4; lastKnownFileType = sourcecode.c.h; path = SGQRCodeScanningView.h; sourceTree = "<group>"; };
		F82FDD601EA8BB840042664C /* SGQRCodeScanningView.m */ = {isa = PBXFileReference; fileEncoding = 4; lastKnownFileType = sourcecode.c.objc; path = SGQRCodeScanningView.m; sourceTree = "<group>"; };
		F82FDD611EA8BB840042664C /* SGWebView.h */ = {isa = PBXFileReference; fileEncoding = 4; lastKnownFileType = sourcecode.c.h; path = SGWebView.h; sourceTree = "<group>"; };
		F82FDD621EA8BB840042664C /* SGWebView.m */ = {isa = PBXFileReference; fileEncoding = 4; lastKnownFileType = sourcecode.c.objc; path = SGWebView.m; sourceTree = "<group>"; };
		F82FDD641EA8BB840042664C /* SGQRCodeConst.h */ = {isa = PBXFileReference; fileEncoding = 4; lastKnownFileType = sourcecode.c.h; path = SGQRCodeConst.h; sourceTree = "<group>"; };
		F82FDD651EA8BB840042664C /* SGQRCodeConst.m */ = {isa = PBXFileReference; fileEncoding = 4; lastKnownFileType = sourcecode.c.objc; path = SGQRCodeConst.m; sourceTree = "<group>"; };
		F82FDD661EA8BB840042664C /* SGQRCode.bundle */ = {isa = PBXFileReference; lastKnownFileType = "wrapper.plug-in"; path = SGQRCode.bundle; sourceTree = "<group>"; };
		F82FDD671EA8BB840042664C /* SGQRCode.h */ = {isa = PBXFileReference; fileEncoding = 4; lastKnownFileType = sourcecode.c.h; path = SGQRCode.h; sourceTree = "<group>"; };
		F82FDD691EA8BB840042664C /* SGQRCodeTool.h */ = {isa = PBXFileReference; fileEncoding = 4; lastKnownFileType = sourcecode.c.h; path = SGQRCodeTool.h; sourceTree = "<group>"; };
		F82FDD6A1EA8BB840042664C /* SGQRCodeTool.m */ = {isa = PBXFileReference; fileEncoding = 4; lastKnownFileType = sourcecode.c.objc; path = SGQRCodeTool.m; sourceTree = "<group>"; };
		F834749D1EC441140091AE4F /* LLBaseHandler.h */ = {isa = PBXFileReference; fileEncoding = 4; lastKnownFileType = sourcecode.c.h; path = LLBaseHandler.h; sourceTree = "<group>"; };
		F834749E1EC441140091AE4F /* LLBaseHandler.m */ = {isa = PBXFileReference; fileEncoding = 4; lastKnownFileType = sourcecode.c.objc; path = LLBaseHandler.m; sourceTree = "<group>"; };
		F83474A01EC441530091AE4F /* DZLogInHandler.h */ = {isa = PBXFileReference; fileEncoding = 4; lastKnownFileType = sourcecode.c.h; path = DZLogInHandler.h; sourceTree = "<group>"; };
		F83474A11EC441530091AE4F /* DZLogInHandler.m */ = {isa = PBXFileReference; fileEncoding = 4; lastKnownFileType = sourcecode.c.objc; path = DZLogInHandler.m; sourceTree = "<group>"; };
		F83474A31EC4474D0091AE4F /* Security.framework */ = {isa = PBXFileReference; lastKnownFileType = wrapper.framework; name = Security.framework; path = System/Library/Frameworks/Security.framework; sourceTree = SDKROOT; };
		F83474A61EC4486A0091AE4F /* KKUUIDManager.h */ = {isa = PBXFileReference; fileEncoding = 4; lastKnownFileType = sourcecode.c.h; path = KKUUIDManager.h; sourceTree = "<group>"; };
		F83474A71EC4486A0091AE4F /* KKUUIDManager.m */ = {isa = PBXFileReference; fileEncoding = 4; lastKnownFileType = sourcecode.c.objc; path = KKUUIDManager.m; sourceTree = "<group>"; };
		F83474A91EC448BA0091AE4F /* KKKeyChain.h */ = {isa = PBXFileReference; fileEncoding = 4; lastKnownFileType = sourcecode.c.h; path = KKKeyChain.h; sourceTree = "<group>"; };
		F83474AA1EC448BA0091AE4F /* KKKeyChain.m */ = {isa = PBXFileReference; fileEncoding = 4; lastKnownFileType = sourcecode.c.objc; path = KKKeyChain.m; sourceTree = "<group>"; };
		F863378E1EA84D9600C75420 /* DZLoginViewController.h */ = {isa = PBXFileReference; fileEncoding = 4; lastKnownFileType = sourcecode.c.h; path = DZLoginViewController.h; sourceTree = "<group>"; };
		F863378F1EA84D9600C75420 /* DZLoginViewController.m */ = {isa = PBXFileReference; fileEncoding = 4; lastKnownFileType = sourcecode.c.objc; path = DZLoginViewController.m; sourceTree = "<group>"; };
		F87ED04A1EC942850082A762 /* DZOverTimeHandle.h */ = {isa = PBXFileReference; fileEncoding = 4; lastKnownFileType = sourcecode.c.h; path = DZOverTimeHandle.h; sourceTree = "<group>"; };
		F87ED04B1EC942850082A762 /* DZOverTimeHandle.m */ = {isa = PBXFileReference; fileEncoding = 4; lastKnownFileType = sourcecode.c.objc; path = DZOverTimeHandle.m; sourceTree = "<group>"; };
		F87ED04D1EC9AC280082A762 /* DZClockInHandler.h */ = {isa = PBXFileReference; fileEncoding = 4; lastKnownFileType = sourcecode.c.h; path = DZClockInHandler.h; sourceTree = "<group>"; };
		F87ED04E1EC9AC280082A762 /* DZClockInHandler.m */ = {isa = PBXFileReference; fileEncoding = 4; lastKnownFileType = sourcecode.c.objc; path = DZClockInHandler.m; sourceTree = "<group>"; };
		F8B4F22C1EA9A7840052874A /* DZAskForLeaveViewController.h */ = {isa = PBXFileReference; fileEncoding = 4; lastKnownFileType = sourcecode.c.h; path = DZAskForLeaveViewController.h; sourceTree = "<group>"; };
		F8B4F22D1EA9A7840052874A /* DZAskForLeaveViewController.m */ = {isa = PBXFileReference; fileEncoding = 4; lastKnownFileType = sourcecode.c.objc; path = DZAskForLeaveViewController.m; sourceTree = "<group>"; };
		F8B4F22F1EA9B8140052874A /* UITextField+DatePicker.h */ = {isa = PBXFileReference; fileEncoding = 4; lastKnownFileType = sourcecode.c.h; path = "UITextField+DatePicker.h"; sourceTree = "<group>"; };
		F8B4F2301EA9B8140052874A /* UITextField+DatePicker.m */ = {isa = PBXFileReference; fileEncoding = 4; lastKnownFileType = sourcecode.c.objc; path = "UITextField+DatePicker.m"; sourceTree = "<group>"; };
		F8B4F2321EA9EE4E0052874A /* DZWorkOverTimeViewController.h */ = {isa = PBXFileReference; fileEncoding = 4; lastKnownFileType = sourcecode.c.h; path = DZWorkOverTimeViewController.h; sourceTree = "<group>"; };
		F8B4F2331EA9EE4E0052874A /* DZWorkOverTimeViewController.m */ = {isa = PBXFileReference; fileEncoding = 4; lastKnownFileType = sourcecode.c.objc; path = DZWorkOverTimeViewController.m; sourceTree = "<group>"; };
		F8C6C6601EA5E22500CB1680 /* AttendanceApp.app */ = {isa = PBXFileReference; explicitFileType = wrapper.application; includeInIndex = 0; path = AttendanceApp.app; sourceTree = BUILT_PRODUCTS_DIR; };
		F8C6C66F1EA5E22500CB1680 /* Assets.xcassets */ = {isa = PBXFileReference; lastKnownFileType = folder.assetcatalog; path = Assets.xcassets; sourceTree = "<group>"; };
		F8C6C6721EA5E22500CB1680 /* Base */ = {isa = PBXFileReference; lastKnownFileType = file.storyboard; name = Base; path = Base.lproj/LaunchScreen.storyboard; sourceTree = "<group>"; };
		F8C6C6741EA5E22500CB1680 /* Info.plist */ = {isa = PBXFileReference; lastKnownFileType = text.plist.xml; path = Info.plist; sourceTree = "<group>"; };
		F8C6C6791EA5E22500CB1680 /* AttendanceAppTests.xctest */ = {isa = PBXFileReference; explicitFileType = wrapper.cfbundle; includeInIndex = 0; path = AttendanceAppTests.xctest; sourceTree = BUILT_PRODUCTS_DIR; };
		F8C6C67D1EA5E22500CB1680 /* AttendanceAppTests.m */ = {isa = PBXFileReference; lastKnownFileType = sourcecode.c.objc; path = AttendanceAppTests.m; sourceTree = "<group>"; };
		F8C6C67F1EA5E22500CB1680 /* Info.plist */ = {isa = PBXFileReference; lastKnownFileType = text.plist.xml; path = Info.plist; sourceTree = "<group>"; };
		F8C6C6841EA5E22500CB1680 /* AttendanceAppUITests.xctest */ = {isa = PBXFileReference; explicitFileType = wrapper.cfbundle; includeInIndex = 0; path = AttendanceAppUITests.xctest; sourceTree = BUILT_PRODUCTS_DIR; };
		F8C6C6881EA5E22500CB1680 /* AttendanceAppUITests.m */ = {isa = PBXFileReference; lastKnownFileType = sourcecode.c.objc; path = AttendanceAppUITests.m; sourceTree = "<group>"; };
		F8C6C68A1EA5E22500CB1680 /* Info.plist */ = {isa = PBXFileReference; lastKnownFileType = text.plist.xml; path = Info.plist; sourceTree = "<group>"; };
		F8C6C69B1EA5E3A300CB1680 /* AFHttpClient.h */ = {isa = PBXFileReference; fileEncoding = 4; lastKnownFileType = sourcecode.c.h; path = AFHttpClient.h; sourceTree = "<group>"; };
		F8C6C69C1EA5E3A300CB1680 /* AFHttpClient.m */ = {isa = PBXFileReference; fileEncoding = 4; lastKnownFileType = sourcecode.c.objc; path = AFHttpClient.m; sourceTree = "<group>"; };
		F8C6C69D1EA5E3A300CB1680 /* APIConfig.h */ = {isa = PBXFileReference; fileEncoding = 4; lastKnownFileType = sourcecode.c.h; path = APIConfig.h; sourceTree = "<group>"; };
		F8C6C69E1EA5E3A300CB1680 /* LLURLHelper.h */ = {isa = PBXFileReference; fileEncoding = 4; lastKnownFileType = sourcecode.c.h; path = LLURLHelper.h; sourceTree = "<group>"; };
		F8C6C69F1EA5E3A300CB1680 /* LLURLHelper.m */ = {isa = PBXFileReference; fileEncoding = 4; lastKnownFileType = sourcecode.c.objc; path = LLURLHelper.m; sourceTree = "<group>"; };
/* End PBXFileReference section */

/* Begin PBXFrameworksBuildPhase section */
		F8C6C65D1EA5E22500CB1680 /* Frameworks */ = {
			isa = PBXFrameworksBuildPhase;
			buildActionMask = 2147483647;
			files = (
				F83474A41EC4474D0091AE4F /* Security.framework in Frameworks */,
				30A6FEC1670A78F2979A7698 /* Pods_AttendanceApp.framework in Frameworks */,
			);
			runOnlyForDeploymentPostprocessing = 0;
		};
		F8C6C6761EA5E22500CB1680 /* Frameworks */ = {
			isa = PBXFrameworksBuildPhase;
			buildActionMask = 2147483647;
			files = (
			);
			runOnlyForDeploymentPostprocessing = 0;
		};
		F8C6C6811EA5E22500CB1680 /* Frameworks */ = {
			isa = PBXFrameworksBuildPhase;
			buildActionMask = 2147483647;
			files = (
			);
			runOnlyForDeploymentPostprocessing = 0;
		};
/* End PBXFrameworksBuildPhase section */

/* Begin PBXGroup section */
		83C5759F73F370417302476C /* Pods */ = {
			isa = PBXGroup;
			children = (
				F2A59115E113468F125EA128 /* Pods-AttendanceApp.debug.xcconfig */,
				7B16A87C3852F78C915E36F8 /* Pods-AttendanceApp.release.xcconfig */,
			);
			name = Pods;
			sourceTree = "<group>";
		};
		E0ABFF9FA4C4B8D5FCE7C56B /* Frameworks */ = {
			isa = PBXGroup;
			children = (
				F83474A31EC4474D0091AE4F /* Security.framework */,
				0B76507ED862382A5B9C5109 /* Pods_AttendanceApp.framework */,
			);
			name = Frameworks;
			sourceTree = "<group>";
		};
		F824DA011EA5FBBF0098B2FE /* Tools */ = {
			isa = PBXGroup;
			children = (
				F83474A51EC448580091AE4F /* UDID */,
				F82FDD381EA89C420042664C /* GFCalendar */,
				F82FDD2A1EA859170042664C /* LXActionSheet */,
				F824DA0F1EA5FBBF0098B2FE /* UIColor+expanded.h */,
				F824DA101EA5FBBF0098B2FE /* UIColor+expanded.m */,
				F8B4F22F1EA9B8140052874A /* UITextField+DatePicker.h */,
				F8B4F2301EA9B8140052874A /* UITextField+DatePicker.m */,
				F824DA131EA5FBBF0098B2FE /* UILabel+DZAutoSize.h */,
				F824DA141EA5FBBF0098B2FE /* UILabel+DZAutoSize.m */,
				F824DA151EA5FBBF0098B2FE /* UIView+Extension.h */,
				F824DA161EA5FBBF0098B2FE /* UIView+Extension.m */,
				F824DA171EA5FBBF0098B2FE /* UIView+ZUtility.h */,
				F824DA181EA5FBBF0098B2FE /* UIView+ZUtility.m */,
				F82FDD351EA8864B0042664C /* UIImage+DZIamge.h */,
				F82FDD361EA8864B0042664C /* UIImage+DZIamge.m */,
			);
			path = Tools;
			sourceTree = "<group>";
		};
		F82FDD2A1EA859170042664C /* LXActionSheet */ = {
			isa = PBXGroup;
			children = (
				F82FDD2B1EA859170042664C /* LXActionSheet.h */,
				F82FDD2C1EA859170042664C /* LXActionSheet.m */,
			);
			path = LXActionSheet;
			sourceTree = "<group>";
		};
		F82FDD2E1EA85E6E0042664C /* mainView */ = {
			isa = PBXGroup;
			children = (
				F82FDD2F1EA85E8E0042664C /* DZMainViewController.h */,
				F82FDD301EA85E8E0042664C /* DZMainViewController.m */,
				F82FDD491EA89D110042664C /* DZDayDetailViewController.h */,
				F82FDD4A1EA89D110042664C /* DZDayDetailViewController.m */,
			);
			path = mainView;
			sourceTree = "<group>";
		};
		F82FDD381EA89C420042664C /* GFCalendar */ = {
			isa = PBXGroup;
			children = (
				F82FDD391EA89C420042664C /* GFCalendar.h */,
				F82FDD3A1EA89C420042664C /* GFCalendarCell.h */,
				F82FDD3B1EA89C420042664C /* GFCalendarCell.m */,
				F82FDD3C1EA89C420042664C /* GFCalendarMonth.h */,
				F82FDD3D1EA89C420042664C /* GFCalendarMonth.m */,
				F82FDD3E1EA89C420042664C /* GFCalendarScrollView.h */,
				F82FDD3F1EA89C420042664C /* GFCalendarScrollView.m */,
				F82FDD401EA89C420042664C /* GFCalendarView.h */,
				F82FDD411EA89C420042664C /* GFCalendarView.m */,
				F82FDD421EA89C420042664C /* NSDate+GFCalendar.h */,
				F82FDD431EA89C420042664C /* NSDate+GFCalendar.m */,
			);
			path = GFCalendar;
			sourceTree = "<group>";
		};
		F82FDD571EA8BB840042664C /* SGQRCode */ = {
			isa = PBXGroup;
			children = (
				F82FDD581EA8BB840042664C /* Category */,
				F82FDD5B1EA8BB840042664C /* Controller */,
				F82FDD5E1EA8BB840042664C /* CustomControls */,
				F82FDD631EA8BB840042664C /* Helper */,
				F82FDD661EA8BB840042664C /* SGQRCode.bundle */,
				F82FDD671EA8BB840042664C /* SGQRCode.h */,
				F82FDD681EA8BB840042664C /* Tools */,
			);
			path = SGQRCode;
			sourceTree = "<group>";
		};
		F82FDD581EA8BB840042664C /* Category */ = {
			isa = PBXGroup;
			children = (
				F82FDD591EA8BB840042664C /* UIImage+SGHelper.h */,
				F82FDD5A1EA8BB840042664C /* UIImage+SGHelper.m */,
			);
			path = Category;
			sourceTree = "<group>";
		};
		F82FDD5B1EA8BB840042664C /* Controller */ = {
			isa = PBXGroup;
			children = (
				F82FDD5C1EA8BB840042664C /* SGQRCodeScanningVC.h */,
				F82FDD5D1EA8BB840042664C /* SGQRCodeScanningVC.m */,
			);
			path = Controller;
			sourceTree = "<group>";
		};
		F82FDD5E1EA8BB840042664C /* CustomControls */ = {
			isa = PBXGroup;
			children = (
				F82FDD5F1EA8BB840042664C /* SGQRCodeScanningView.h */,
				F82FDD601EA8BB840042664C /* SGQRCodeScanningView.m */,
				F82FDD611EA8BB840042664C /* SGWebView.h */,
				F82FDD621EA8BB840042664C /* SGWebView.m */,
			);
			path = CustomControls;
			sourceTree = "<group>";
		};
		F82FDD631EA8BB840042664C /* Helper */ = {
			isa = PBXGroup;
			children = (
				F82FDD641EA8BB840042664C /* SGQRCodeConst.h */,
				F82FDD651EA8BB840042664C /* SGQRCodeConst.m */,
			);
			path = Helper;
			sourceTree = "<group>";
		};
		F82FDD681EA8BB840042664C /* Tools */ = {
			isa = PBXGroup;
			children = (
				F82FDD691EA8BB840042664C /* SGQRCodeTool.h */,
				F82FDD6A1EA8BB840042664C /* SGQRCodeTool.m */,
			);
			path = Tools;
			sourceTree = "<group>";
		};
		F834749C1EC441140091AE4F /* Handle */ = {
			isa = PBXGroup;
			children = (
				F834749D1EC441140091AE4F /* LLBaseHandler.h */,
				F834749E1EC441140091AE4F /* LLBaseHandler.m */,
				F83474A01EC441530091AE4F /* DZLogInHandler.h */,
				F83474A11EC441530091AE4F /* DZLogInHandler.m */,
				F82B51A51EC587A7004328D8 /* DZAskForLeaveHandle.h */,
				F82B51A61EC587A7004328D8 /* DZAskForLeaveHandle.m */,
				F87ED04A1EC942850082A762 /* DZOverTimeHandle.h */,
				F87ED04B1EC942850082A762 /* DZOverTimeHandle.m */,
				F87ED04D1EC9AC280082A762 /* DZClockInHandler.h */,
				F87ED04E1EC9AC280082A762 /* DZClockInHandler.m */,
			);
			name = Handle;
			path = Other/Handle;
			sourceTree = "<group>";
		};
		F83474A51EC448580091AE4F /* UDID */ = {
			isa = PBXGroup;
			children = (
				F83474A61EC4486A0091AE4F /* KKUUIDManager.h */,
				F83474A71EC4486A0091AE4F /* KKUUIDManager.m */,
				F83474A91EC448BA0091AE4F /* KKKeyChain.h */,
				F83474AA1EC448BA0091AE4F /* KKKeyChain.m */,
			);
			path = UDID;
			sourceTree = "<group>";
		};
		F863378A1EA84D3C00C75420 /* Work overtime */ = {
			isa = PBXGroup;
			children = (
				F8B4F2321EA9EE4E0052874A /* DZWorkOverTimeViewController.h */,
				F8B4F2331EA9EE4E0052874A /* DZWorkOverTimeViewController.m */,
			);
			path = "Work overtime";
			sourceTree = "<group>";
		};
		F863378B1EA84D3C00C75420 /* Ask for leave */ = {
			isa = PBXGroup;
			children = (
				F8B4F22C1EA9A7840052874A /* DZAskForLeaveViewController.h */,
				F8B4F22D1EA9A7840052874A /* DZAskForLeaveViewController.m */,
				F82B51A81EC592CB004328D8 /* DZLeaveTypeModel.h */,
				F82B51A91EC592CB004328D8 /* DZLeaveTypeModel.m */,
			);
			path = "Ask for leave";
			sourceTree = "<group>";
		};
		F863378C1EA84D3C00C75420 /* Clock In */ = {
			isa = PBXGroup;
			children = (
				F82FDD511EA8BAE90042664C /* QRCodeScanningVC.h */,
				F82FDD521EA8BAE90042664C /* QRCodeScanningVC.m */,
				F82FDD531EA8BAE90042664C /* ScanSuccessJumpVC.h */,
				F82FDD541EA8BAE90042664C /* ScanSuccessJumpVC.m */,
			);
			path = "Clock In";
			sourceTree = "<group>";
		};
		F863378D1EA84D3C00C75420 /* Login */ = {
			isa = PBXGroup;
			children = (
				F863378E1EA84D9600C75420 /* DZLoginViewController.h */,
				F863378F1EA84D9600C75420 /* DZLoginViewController.m */,
			);
			path = Login;
			sourceTree = "<group>";
		};
		F8C6C6571EA5E22500CB1680 = {
			isa = PBXGroup;
			children = (
				F8C6C6621EA5E22500CB1680 /* AttendanceApp */,
				F8C6C67C1EA5E22500CB1680 /* AttendanceAppTests */,
				F8C6C6871EA5E22500CB1680 /* AttendanceAppUITests */,
				F8C6C6611EA5E22500CB1680 /* Products */,
				83C5759F73F370417302476C /* Pods */,
				E0ABFF9FA4C4B8D5FCE7C56B /* Frameworks */,
			);
			sourceTree = "<group>";
		};
		F8C6C6611EA5E22500CB1680 /* Products */ = {
			isa = PBXGroup;
			children = (
				F8C6C6601EA5E22500CB1680 /* AttendanceApp.app */,
				F8C6C6791EA5E22500CB1680 /* AttendanceAppTests.xctest */,
				F8C6C6841EA5E22500CB1680 /* AttendanceAppUITests.xctest */,
			);
			name = Products;
			sourceTree = "<group>";
		};
		F8C6C6621EA5E22500CB1680 /* AttendanceApp */ = {
			isa = PBXGroup;
			children = (
				F8C6C6981EA5E36100CB1680 /* Main */,
				F8C6C6961EA5E36100CB1680 /* 3rdLib */,
				F8C6C6971EA5E36100CB1680 /* Other */,
				F8C6C6991EA5E36100CB1680 /* Network */,
				F834749C1EC441140091AE4F /* Handle */,
				F8C6C69A1EA5E36100CB1680 /* Macros */,
				F824DA011EA5FBBF0098B2FE /* Tools */,
				F8C6C6631EA5E22500CB1680 /* Supporting Files */,
			);
			path = AttendanceApp;
			sourceTree = "<group>";
		};
		F8C6C6631EA5E22500CB1680 /* Supporting Files */ = {
			isa = PBXGroup;
			children = (
				F824D9FE1EA5F8C50098B2FE /* main.m */,
				F8C6C66F1EA5E22500CB1680 /* Assets.xcassets */,
				F8C6C6711EA5E22500CB1680 /* LaunchScreen.storyboard */,
				F8C6C6741EA5E22500CB1680 /* Info.plist */,
			);
			name = "Supporting Files";
			sourceTree = "<group>";
		};
		F8C6C67C1EA5E22500CB1680 /* AttendanceAppTests */ = {
			isa = PBXGroup;
			children = (
				F8C6C67D1EA5E22500CB1680 /* AttendanceAppTests.m */,
				F8C6C67F1EA5E22500CB1680 /* Info.plist */,
			);
			path = AttendanceAppTests;
			sourceTree = "<group>";
		};
		F8C6C6871EA5E22500CB1680 /* AttendanceAppUITests */ = {
			isa = PBXGroup;
			children = (
				F8C6C6881EA5E22500CB1680 /* AttendanceAppUITests.m */,
				F8C6C68A1EA5E22500CB1680 /* Info.plist */,
			);
			path = AttendanceAppUITests;
			sourceTree = "<group>";
		};
		F8C6C6961EA5E36100CB1680 /* 3rdLib */ = {
			isa = PBXGroup;
			children = (
				F82FDD571EA8BB840042664C /* SGQRCode */,
			);
			path = 3rdLib;
			sourceTree = "<group>";
		};
		F8C6C6971EA5E36100CB1680 /* Other */ = {
			isa = PBXGroup;
			children = (
			);
			path = Other;
			sourceTree = "<group>";
		};
		F8C6C6981EA5E36100CB1680 /* Main */ = {
			isa = PBXGroup;
			children = (
				F824D9FC1EA5F8C50098B2FE /* AppDelegate.h */,
				F824D9FD1EA5F8C50098B2FE /* AppDelegate.m */,
				F82FDD321EA861280042664C /* DZNavigationController.h */,
				F82FDD331EA861280042664C /* DZNavigationController.m */,
				F82FDD2E1EA85E6E0042664C /* mainView */,
				F863378A1EA84D3C00C75420 /* Work overtime */,
				F863378B1EA84D3C00C75420 /* Ask for leave */,
				F863378C1EA84D3C00C75420 /* Clock In */,
				F863378D1EA84D3C00C75420 /* Login */,
			);
			path = Main;
			sourceTree = "<group>";
		};
		F8C6C6991EA5E36100CB1680 /* Network */ = {
			isa = PBXGroup;
			children = (
				F8C6C69B1EA5E3A300CB1680 /* AFHttpClient.h */,
				F8C6C69C1EA5E3A300CB1680 /* AFHttpClient.m */,
				F8C6C69D1EA5E3A300CB1680 /* APIConfig.h */,
				F8C6C69E1EA5E3A300CB1680 /* LLURLHelper.h */,
				F8C6C69F1EA5E3A300CB1680 /* LLURLHelper.m */,
			);
			path = Network;
			sourceTree = "<group>";
		};
		F8C6C69A1EA5E36100CB1680 /* Macros */ = {
			isa = PBXGroup;
			children = (
				F824D9FB1EA5F89D0098B2FE /* PrefixHeader.pch */,
				F824D9FA1EA5F8440098B2FE /* NotificationConsts.h */,
			);
			path = Macros;
			sourceTree = "<group>";
		};
/* End PBXGroup section */

/* Begin PBXNativeTarget section */
		F8C6C65F1EA5E22500CB1680 /* AttendanceApp */ = {
			isa = PBXNativeTarget;
			buildConfigurationList = F8C6C68D1EA5E22500CB1680 /* Build configuration list for PBXNativeTarget "AttendanceApp" */;
			buildPhases = (
				66B3F1EF2E457C8CFA3BBEE1 /* [CP] Check Pods Manifest.lock */,
				F8C6C65C1EA5E22500CB1680 /* Sources */,
				F8C6C65D1EA5E22500CB1680 /* Frameworks */,
				F8C6C65E1EA5E22500CB1680 /* Resources */,
				B6BB7FD1D7F7C6075016FBBD /* [CP] Embed Pods Frameworks */,
				6ABEBA3221518E9518DA4B66 /* [CP] Copy Pods Resources */,
			);
			buildRules = (
			);
			dependencies = (
			);
			name = AttendanceApp;
			productName = AttendanceApp;
			productReference = F8C6C6601EA5E22500CB1680 /* AttendanceApp.app */;
			productType = "com.apple.product-type.application";
		};
		F8C6C6781EA5E22500CB1680 /* AttendanceAppTests */ = {
			isa = PBXNativeTarget;
			buildConfigurationList = F8C6C6901EA5E22500CB1680 /* Build configuration list for PBXNativeTarget "AttendanceAppTests" */;
			buildPhases = (
				F8C6C6751EA5E22500CB1680 /* Sources */,
				F8C6C6761EA5E22500CB1680 /* Frameworks */,
				F8C6C6771EA5E22500CB1680 /* Resources */,
			);
			buildRules = (
			);
			dependencies = (
				F8C6C67B1EA5E22500CB1680 /* PBXTargetDependency */,
			);
			name = AttendanceAppTests;
			productName = AttendanceAppTests;
			productReference = F8C6C6791EA5E22500CB1680 /* AttendanceAppTests.xctest */;
			productType = "com.apple.product-type.bundle.unit-test";
		};
		F8C6C6831EA5E22500CB1680 /* AttendanceAppUITests */ = {
			isa = PBXNativeTarget;
			buildConfigurationList = F8C6C6931EA5E22500CB1680 /* Build configuration list for PBXNativeTarget "AttendanceAppUITests" */;
			buildPhases = (
				F8C6C6801EA5E22500CB1680 /* Sources */,
				F8C6C6811EA5E22500CB1680 /* Frameworks */,
				F8C6C6821EA5E22500CB1680 /* Resources */,
			);
			buildRules = (
			);
			dependencies = (
				F8C6C6861EA5E22500CB1680 /* PBXTargetDependency */,
			);
			name = AttendanceAppUITests;
			productName = AttendanceAppUITests;
			productReference = F8C6C6841EA5E22500CB1680 /* AttendanceAppUITests.xctest */;
			productType = "com.apple.product-type.bundle.ui-testing";
		};
/* End PBXNativeTarget section */

/* Begin PBXProject section */
		F8C6C6581EA5E22500CB1680 /* Project object */ = {
			isa = PBXProject;
			attributes = {
				LastUpgradeCheck = 0830;
				ORGANIZATIONNAME = "Chengdu Wangding Technology co.,LTD.";
				TargetAttributes = {
					F8C6C65F1EA5E22500CB1680 = {
						CreatedOnToolsVersion = 8.3.1;
						DevelopmentTeam = 646WL2FXVT;
						ProvisioningStyle = Automatic;
					};
					F8C6C6781EA5E22500CB1680 = {
						CreatedOnToolsVersion = 8.3.1;
						DevelopmentTeam = 646WL2FXVT;
						ProvisioningStyle = Automatic;
						TestTargetID = F8C6C65F1EA5E22500CB1680;
					};
					F8C6C6831EA5E22500CB1680 = {
						CreatedOnToolsVersion = 8.3.1;
						DevelopmentTeam = 646WL2FXVT;
						ProvisioningStyle = Automatic;
						TestTargetID = F8C6C65F1EA5E22500CB1680;
					};
				};
			};
			buildConfigurationList = F8C6C65B1EA5E22500CB1680 /* Build configuration list for PBXProject "AttendanceApp" */;
			compatibilityVersion = "Xcode 3.2";
			developmentRegion = English;
			hasScannedForEncodings = 0;
			knownRegions = (
				en,
				Base,
			);
			mainGroup = F8C6C6571EA5E22500CB1680;
			productRefGroup = F8C6C6611EA5E22500CB1680 /* Products */;
			projectDirPath = "";
			projectRoot = "";
			targets = (
				F8C6C65F1EA5E22500CB1680 /* AttendanceApp */,
				F8C6C6781EA5E22500CB1680 /* AttendanceAppTests */,
				F8C6C6831EA5E22500CB1680 /* AttendanceAppUITests */,
			);
		};
/* End PBXProject section */

/* Begin PBXResourcesBuildPhase section */
		F8C6C65E1EA5E22500CB1680 /* Resources */ = {
			isa = PBXResourcesBuildPhase;
			buildActionMask = 2147483647;
			files = (
				F8C6C6731EA5E22500CB1680 /* LaunchScreen.storyboard in Resources */,
				F8C6C6701EA5E22500CB1680 /* Assets.xcassets in Resources */,
				F82FDD701EA8BB840042664C /* SGQRCode.bundle in Resources */,
			);
			runOnlyForDeploymentPostprocessing = 0;
		};
		F8C6C6771EA5E22500CB1680 /* Resources */ = {
			isa = PBXResourcesBuildPhase;
			buildActionMask = 2147483647;
			files = (
			);
			runOnlyForDeploymentPostprocessing = 0;
		};
		F8C6C6821EA5E22500CB1680 /* Resources */ = {
			isa = PBXResourcesBuildPhase;
			buildActionMask = 2147483647;
			files = (
			);
			runOnlyForDeploymentPostprocessing = 0;
		};
/* End PBXResourcesBuildPhase section */

/* Begin PBXShellScriptBuildPhase section */
		66B3F1EF2E457C8CFA3BBEE1 /* [CP] Check Pods Manifest.lock */ = {
			isa = PBXShellScriptBuildPhase;
			buildActionMask = 2147483647;
			files = (
			);
			inputPaths = (
			);
			name = "[CP] Check Pods Manifest.lock";
			outputPaths = (
			);
			runOnlyForDeploymentPostprocessing = 0;
			shellPath = /bin/sh;
			shellScript = "diff \"${PODS_ROOT}/../Podfile.lock\" \"${PODS_ROOT}/Manifest.lock\" > /dev/null\nif [ $? != 0 ] ; then\n    # print error to STDERR\n    echo \"error: The sandbox is not in sync with the Podfile.lock. Run 'pod install' or update your CocoaPods installation.\" >&2\n    exit 1\nfi\n";
			showEnvVarsInLog = 0;
		};
		6ABEBA3221518E9518DA4B66 /* [CP] Copy Pods Resources */ = {
			isa = PBXShellScriptBuildPhase;
			buildActionMask = 2147483647;
			files = (
			);
			inputPaths = (
			);
			name = "[CP] Copy Pods Resources";
			outputPaths = (
			);
			runOnlyForDeploymentPostprocessing = 0;
			shellPath = /bin/sh;
			shellScript = "\"${SRCROOT}/Pods/Target Support Files/Pods-AttendanceApp/Pods-AttendanceApp-resources.sh\"\n";
			showEnvVarsInLog = 0;
		};
		B6BB7FD1D7F7C6075016FBBD /* [CP] Embed Pods Frameworks */ = {
			isa = PBXShellScriptBuildPhase;
			buildActionMask = 2147483647;
			files = (
			);
			inputPaths = (
			);
			name = "[CP] Embed Pods Frameworks";
			outputPaths = (
			);
			runOnlyForDeploymentPostprocessing = 0;
			shellPath = /bin/sh;
			shellScript = "\"${SRCROOT}/Pods/Target Support Files/Pods-AttendanceApp/Pods-AttendanceApp-frameworks.sh\"\n";
			showEnvVarsInLog = 0;
		};
/* End PBXShellScriptBuildPhase section */

/* Begin PBXSourcesBuildPhase section */
		F8C6C65C1EA5E22500CB1680 /* Sources */ = {
			isa = PBXSourcesBuildPhase;
			buildActionMask = 2147483647;
			files = (
				F83474A21EC441530091AE4F /* DZLogInHandler.m in Sources */,
				F824DA251EA5FBBF0098B2FE /* UIView+Extension.m in Sources */,
				F82B51A71EC587A7004328D8 /* DZAskForLeaveHandle.m in Sources */,
				F82FDD6F1EA8BB840042664C /* SGQRCodeConst.m in Sources */,
				F83474AB1EC448BA0091AE4F /* KKKeyChain.m in Sources */,
				F82FDD371EA8864B0042664C /* UIImage+DZIamge.m in Sources */,
				F82FDD441EA89C420042664C /* GFCalendarCell.m in Sources */,
				F8B4F2341EA9EE4E0052874A /* DZWorkOverTimeViewController.m in Sources */,
				F8C6C6A01EA5E3A300CB1680 /* AFHttpClient.m in Sources */,
				F82FDD6B1EA8BB840042664C /* UIImage+SGHelper.m in Sources */,
				F824DA221EA5FBBF0098B2FE /* UIColor+expanded.m in Sources */,
				F8C6C6A11EA5E3A300CB1680 /* LLURLHelper.m in Sources */,
				F82FDD341EA861280042664C /* DZNavigationController.m in Sources */,
				F82FDD461EA89C420042664C /* GFCalendarScrollView.m in Sources */,
				F82FDD2D1EA859170042664C /* LXActionSheet.m in Sources */,
				F82FDD481EA89C420042664C /* NSDate+GFCalendar.m in Sources */,
				F82FDD6C1EA8BB840042664C /* SGQRCodeScanningVC.m in Sources */,
				F82FDD4B1EA89D110042664C /* DZDayDetailViewController.m in Sources */,
				F82FDD451EA89C420042664C /* GFCalendarMonth.m in Sources */,
				F824DA001EA5F8C50098B2FE /* main.m in Sources */,
				F82FDD6E1EA8BB840042664C /* SGWebView.m in Sources */,
				F82FDD311EA85E8E0042664C /* DZMainViewController.m in Sources */,
				F834749F1EC441140091AE4F /* LLBaseHandler.m in Sources */,
				F82B51AA1EC592CB004328D8 /* DZLeaveTypeModel.m in Sources */,
				F8B4F22E1EA9A7840052874A /* DZAskForLeaveViewController.m in Sources */,
				F8B4F2311EA9B8140052874A /* UITextField+DatePicker.m in Sources */,
				F87ED04F1EC9AC280082A762 /* DZClockInHandler.m in Sources */,
				F824DA241EA5FBBF0098B2FE /* UILabel+DZAutoSize.m in Sources */,
				F82FDD711EA8BB840042664C /* SGQRCodeTool.m in Sources */,
				F82FDD561EA8BAE90042664C /* ScanSuccessJumpVC.m in Sources */,
				F82FDD471EA89C420042664C /* GFCalendarView.m in Sources */,
				F82FDD551EA8BAE90042664C /* QRCodeScanningVC.m in Sources */,
				F82FDD6D1EA8BB840042664C /* SGQRCodeScanningView.m in Sources */,
				F83474A81EC4486A0091AE4F /* KKUUIDManager.m in Sources */,
				F87ED04C1EC942850082A762 /* DZOverTimeHandle.m in Sources */,
				F824D9FF1EA5F8C50098B2FE /* AppDelegate.m in Sources */,
				F86337901EA84D9600C75420 /* DZLoginViewController.m in Sources */,
				F824DA261EA5FBBF0098B2FE /* UIView+ZUtility.m in Sources */,
			);
			runOnlyForDeploymentPostprocessing = 0;
		};
		F8C6C6751EA5E22500CB1680 /* Sources */ = {
			isa = PBXSourcesBuildPhase;
			buildActionMask = 2147483647;
			files = (
				F8C6C67E1EA5E22500CB1680 /* AttendanceAppTests.m in Sources */,
			);
			runOnlyForDeploymentPostprocessing = 0;
		};
		F8C6C6801EA5E22500CB1680 /* Sources */ = {
			isa = PBXSourcesBuildPhase;
			buildActionMask = 2147483647;
			files = (
				F8C6C6891EA5E22500CB1680 /* AttendanceAppUITests.m in Sources */,
			);
			runOnlyForDeploymentPostprocessing = 0;
		};
/* End PBXSourcesBuildPhase section */

/* Begin PBXTargetDependency section */
		F8C6C67B1EA5E22500CB1680 /* PBXTargetDependency */ = {
			isa = PBXTargetDependency;
			target = F8C6C65F1EA5E22500CB1680 /* AttendanceApp */;
			targetProxy = F8C6C67A1EA5E22500CB1680 /* PBXContainerItemProxy */;
		};
		F8C6C6861EA5E22500CB1680 /* PBXTargetDependency */ = {
			isa = PBXTargetDependency;
			target = F8C6C65F1EA5E22500CB1680 /* AttendanceApp */;
			targetProxy = F8C6C6851EA5E22500CB1680 /* PBXContainerItemProxy */;
		};
/* End PBXTargetDependency section */

/* Begin PBXVariantGroup section */
		F8C6C6711EA5E22500CB1680 /* LaunchScreen.storyboard */ = {
			isa = PBXVariantGroup;
			children = (
				F8C6C6721EA5E22500CB1680 /* Base */,
			);
			name = LaunchScreen.storyboard;
			sourceTree = "<group>";
		};
/* End PBXVariantGroup section */

/* Begin XCBuildConfiguration section */
		F8C6C68B1EA5E22500CB1680 /* Debug */ = {
			isa = XCBuildConfiguration;
			buildSettings = {
				ALWAYS_SEARCH_USER_PATHS = NO;
				CLANG_ANALYZER_NONNULL = YES;
				CLANG_ANALYZER_NUMBER_OBJECT_CONVERSION = YES_AGGRESSIVE;
				CLANG_CXX_LANGUAGE_STANDARD = "gnu++0x";
				CLANG_CXX_LIBRARY = "libc++";
				CLANG_ENABLE_MODULES = YES;
				CLANG_ENABLE_OBJC_ARC = YES;
				CLANG_WARN_BOOL_CONVERSION = YES;
				CLANG_WARN_CONSTANT_CONVERSION = YES;
				CLANG_WARN_DIRECT_OBJC_ISA_USAGE = YES_ERROR;
				CLANG_WARN_DOCUMENTATION_COMMENTS = YES;
				CLANG_WARN_EMPTY_BODY = YES;
				CLANG_WARN_ENUM_CONVERSION = YES;
				CLANG_WARN_INFINITE_RECURSION = YES;
				CLANG_WARN_INT_CONVERSION = YES;
				CLANG_WARN_OBJC_ROOT_CLASS = YES_ERROR;
				CLANG_WARN_SUSPICIOUS_MOVE = YES;
				CLANG_WARN_UNREACHABLE_CODE = YES;
				CLANG_WARN__DUPLICATE_METHOD_MATCH = YES;
				"CODE_SIGN_IDENTITY[sdk=iphoneos*]" = "iPhone Developer";
				COPY_PHASE_STRIP = NO;
				DEBUG_INFORMATION_FORMAT = dwarf;
				ENABLE_STRICT_OBJC_MSGSEND = YES;
				ENABLE_TESTABILITY = YES;
				GCC_C_LANGUAGE_STANDARD = gnu99;
				GCC_DYNAMIC_NO_PIC = NO;
				GCC_NO_COMMON_BLOCKS = YES;
				GCC_OPTIMIZATION_LEVEL = 0;
				GCC_PREPROCESSOR_DEFINITIONS = (
					"DEBUG=1",
					"$(inherited)",
				);
				GCC_WARN_64_TO_32_BIT_CONVERSION = YES;
				GCC_WARN_ABOUT_RETURN_TYPE = YES_ERROR;
				GCC_WARN_UNDECLARED_SELECTOR = YES;
				GCC_WARN_UNINITIALIZED_AUTOS = YES_AGGRESSIVE;
				GCC_WARN_UNUSED_FUNCTION = YES;
				GCC_WARN_UNUSED_VARIABLE = YES;
				IPHONEOS_DEPLOYMENT_TARGET = 10.3;
				MTL_ENABLE_DEBUG_INFO = YES;
				ONLY_ACTIVE_ARCH = YES;
				SDKROOT = iphoneos;
				TARGETED_DEVICE_FAMILY = "1,2";
			};
			name = Debug;
		};
		F8C6C68C1EA5E22500CB1680 /* Release */ = {
			isa = XCBuildConfiguration;
			buildSettings = {
				ALWAYS_SEARCH_USER_PATHS = NO;
				CLANG_ANALYZER_NONNULL = YES;
				CLANG_ANALYZER_NUMBER_OBJECT_CONVERSION = YES_AGGRESSIVE;
				CLANG_CXX_LANGUAGE_STANDARD = "gnu++0x";
				CLANG_CXX_LIBRARY = "libc++";
				CLANG_ENABLE_MODULES = YES;
				CLANG_ENABLE_OBJC_ARC = YES;
				CLANG_WARN_BOOL_CONVERSION = YES;
				CLANG_WARN_CONSTANT_CONVERSION = YES;
				CLANG_WARN_DIRECT_OBJC_ISA_USAGE = YES_ERROR;
				CLANG_WARN_DOCUMENTATION_COMMENTS = YES;
				CLANG_WARN_EMPTY_BODY = YES;
				CLANG_WARN_ENUM_CONVERSION = YES;
				CLANG_WARN_INFINITE_RECURSION = YES;
				CLANG_WARN_INT_CONVERSION = YES;
				CLANG_WARN_OBJC_ROOT_CLASS = YES_ERROR;
				CLANG_WARN_SUSPICIOUS_MOVE = YES;
				CLANG_WARN_UNREACHABLE_CODE = YES;
				CLANG_WARN__DUPLICATE_METHOD_MATCH = YES;
				"CODE_SIGN_IDENTITY[sdk=iphoneos*]" = "iPhone Developer";
				COPY_PHASE_STRIP = NO;
				DEBUG_INFORMATION_FORMAT = "dwarf-with-dsym";
				ENABLE_NS_ASSERTIONS = NO;
				ENABLE_STRICT_OBJC_MSGSEND = YES;
				GCC_C_LANGUAGE_STANDARD = gnu99;
				GCC_NO_COMMON_BLOCKS = YES;
				GCC_WARN_64_TO_32_BIT_CONVERSION = YES;
				GCC_WARN_ABOUT_RETURN_TYPE = YES_ERROR;
				GCC_WARN_UNDECLARED_SELECTOR = YES;
				GCC_WARN_UNINITIALIZED_AUTOS = YES_AGGRESSIVE;
				GCC_WARN_UNUSED_FUNCTION = YES;
				GCC_WARN_UNUSED_VARIABLE = YES;
				IPHONEOS_DEPLOYMENT_TARGET = 10.3;
				MTL_ENABLE_DEBUG_INFO = NO;
				SDKROOT = iphoneos;
				TARGETED_DEVICE_FAMILY = "1,2";
				VALIDATE_PRODUCT = YES;
			};
			name = Release;
		};
		F8C6C68E1EA5E22500CB1680 /* Debug */ = {
			isa = XCBuildConfiguration;
			baseConfigurationReference = F2A59115E113468F125EA128 /* Pods-AttendanceApp.debug.xcconfig */;
			buildSettings = {
				ASSETCATALOG_COMPILER_APPICON_NAME = AppIcon;
				DEVELOPMENT_TEAM = 646WL2FXVT;
				GCC_PREFIX_HEADER = $SRCROOT/AttendanceApp/Main/PrefixHeader.pch;
				INFOPLIST_FILE = AttendanceApp/Info.plist;
				LD_RUNPATH_SEARCH_PATHS = "$(inherited) @executable_path/Frameworks";
				PRODUCT_BUNDLE_IDENTIFIER = lxcg.AttendanceApp;
				PRODUCT_NAME = "$(TARGET_NAME)";
				TARGETED_DEVICE_FAMILY = 1;
			};
			name = Debug;
		};
		F8C6C68F1EA5E22500CB1680 /* Release */ = {
			isa = XCBuildConfiguration;
			baseConfigurationReference = 7B16A87C3852F78C915E36F8 /* Pods-AttendanceApp.release.xcconfig */;
			buildSettings = {
				ASSETCATALOG_COMPILER_APPICON_NAME = AppIcon;
				DEVELOPMENT_TEAM = 646WL2FXVT;
				GCC_PREFIX_HEADER = $SRCROOT/AttendanceApp/Main/PrefixHeader.pch;
				INFOPLIST_FILE = AttendanceApp/Info.plist;
				LD_RUNPATH_SEARCH_PATHS = "$(inherited) @executable_path/Frameworks";
				PRODUCT_BUNDLE_IDENTIFIER = lxcg.AttendanceApp;
				PRODUCT_NAME = "$(TARGET_NAME)";
				TARGETED_DEVICE_FAMILY = 1;
			};
			name = Release;
		};
		F8C6C6911EA5E22500CB1680 /* Debug */ = {
			isa = XCBuildConfiguration;
			buildSettings = {
				BUNDLE_LOADER = "$(TEST_HOST)";
				DEVELOPMENT_TEAM = 646WL2FXVT;
				INFOPLIST_FILE = AttendanceAppTests/Info.plist;
				LD_RUNPATH_SEARCH_PATHS = "$(inherited) @executable_path/Frameworks @loader_path/Frameworks";
				PRODUCT_BUNDLE_IDENTIFIER = lxcg.AttendanceAppTests;
				PRODUCT_NAME = "$(TARGET_NAME)";
				TEST_HOST = "$(BUILT_PRODUCTS_DIR)/AttendanceApp.app/AttendanceApp";
			};
			name = Debug;
		};
		F8C6C6921EA5E22500CB1680 /* Release */ = {
			isa = XCBuildConfiguration;
			buildSettings = {
				BUNDLE_LOADER = "$(TEST_HOST)";
				DEVELOPMENT_TEAM = 646WL2FXVT;
				INFOPLIST_FILE = AttendanceAppTests/Info.plist;
				LD_RUNPATH_SEARCH_PATHS = "$(inherited) @executable_path/Frameworks @loader_path/Frameworks";
				PRODUCT_BUNDLE_IDENTIFIER = lxcg.AttendanceAppTests;
				PRODUCT_NAME = "$(TARGET_NAME)";
				TEST_HOST = "$(BUILT_PRODUCTS_DIR)/AttendanceApp.app/AttendanceApp";
			};
			name = Release;
		};
		F8C6C6941EA5E22500CB1680 /* Debug */ = {
			isa = XCBuildConfiguration;
			buildSettings = {
				DEVELOPMENT_TEAM = 646WL2FXVT;
				INFOPLIST_FILE = AttendanceAppUITests/Info.plist;
				LD_RUNPATH_SEARCH_PATHS = "$(inherited) @executable_path/Frameworks @loader_path/Frameworks";
				PRODUCT_BUNDLE_IDENTIFIER = lxcg.AttendanceAppUITests;
				PRODUCT_NAME = "$(TARGET_NAME)";
				TEST_TARGET_NAME = AttendanceApp;
			};
			name = Debug;
		};
		F8C6C6951EA5E22500CB1680 /* Release */ = {
			isa = XCBuildConfiguration;
			buildSettings = {
				DEVELOPMENT_TEAM = 646WL2FXVT;
				INFOPLIST_FILE = AttendanceAppUITests/Info.plist;
				LD_RUNPATH_SEARCH_PATHS = "$(inherited) @executable_path/Frameworks @loader_path/Frameworks";
				PRODUCT_BUNDLE_IDENTIFIER = lxcg.AttendanceAppUITests;
				PRODUCT_NAME = "$(TARGET_NAME)";
				TEST_TARGET_NAME = AttendanceApp;
			};
			name = Release;
		};
/* End XCBuildConfiguration section */

/* Begin XCConfigurationList section */
		F8C6C65B1EA5E22500CB1680 /* Build configuration list for PBXProject "AttendanceApp" */ = {
			isa = XCConfigurationList;
			buildConfigurations = (
				F8C6C68B1EA5E22500CB1680 /* Debug */,
				F8C6C68C1EA5E22500CB1680 /* Release */,
			);
			defaultConfigurationIsVisible = 0;
			defaultConfigurationName = Release;
		};
		F8C6C68D1EA5E22500CB1680 /* Build configuration list for PBXNativeTarget "AttendanceApp" */ = {
			isa = XCConfigurationList;
			buildConfigurations = (
				F8C6C68E1EA5E22500CB1680 /* Debug */,
				F8C6C68F1EA5E22500CB1680 /* Release */,
			);
			defaultConfigurationIsVisible = 0;
			defaultConfigurationName = Release;
		};
		F8C6C6901EA5E22500CB1680 /* Build configuration list for PBXNativeTarget "AttendanceAppTests" */ = {
			isa = XCConfigurationList;
			buildConfigurations = (
				F8C6C6911EA5E22500CB1680 /* Debug */,
				F8C6C6921EA5E22500CB1680 /* Release */,
			);
			defaultConfigurationIsVisible = 0;
			defaultConfigurationName = Release;
		};
		F8C6C6931EA5E22500CB1680 /* Build configuration list for PBXNativeTarget "AttendanceAppUITests" */ = {
			isa = XCConfigurationList;
			buildConfigurations = (
				F8C6C6941EA5E22500CB1680 /* Debug */,
				F8C6C6951EA5E22500CB1680 /* Release */,
			);
			defaultConfigurationIsVisible = 0;
			defaultConfigurationName = Release;
		};
/* End XCConfigurationList section */
	};
	rootObject = F8C6C6581EA5E22500CB1680 /* Project object */;
}
