// !$*UTF8*$!
{
	archiveVersion = 1;
	classes = {
	};
	objectVersion = 46;
	objects = {

/* Begin PBXBuildFile section */
		30A6FEC1670A78F2979A7698 /* Pods_AttendanceApp.framework in Frameworks */ = {isa = PBXBuildFile; fileRef = 0B76507ED862382A5B9C5109 /* Pods_AttendanceApp.framework */; };
		F824D9F91EA5F8160098B2FE /* LLBaseHandler.m in Sources */ = {isa = PBXBuildFile; fileRef = F824D9F81EA5F8160098B2FE /* LLBaseHandler.m */; };
		F824D9FF1EA5F8C50098B2FE /* AppDelegate.m in Sources */ = {isa = PBXBuildFile; fileRef = F824D9FD1EA5F8C50098B2FE /* AppDelegate.m */; };
		F824DA001EA5F8C50098B2FE /* main.m in Sources */ = {isa = PBXBuildFile; fileRef = F824D9FE1EA5F8C50098B2FE /* main.m */; };
		F824DA1B1EA5FBBF0098B2FE /* DZCover.m in Sources */ = {isa = PBXBuildFile; fileRef = F824DA031EA5FBBF0098B2FE /* DZCover.m */; };
		F824DA1C1EA5FBBF0098B2FE /* DZPopMenu.m in Sources */ = {isa = PBXBuildFile; fileRef = F824DA051EA5FBBF0098B2FE /* DZPopMenu.m */; };
		F824DA1D1EA5FBBF0098B2FE /* DZPopMenu.xib in Resources */ = {isa = PBXBuildFile; fileRef = F824DA061EA5FBBF0098B2FE /* DZPopMenu.xib */; };
		F824DA1E1EA5FBBF0098B2FE /* DZTouUpCashButton.m in Sources */ = {isa = PBXBuildFile; fileRef = F824DA081EA5FBBF0098B2FE /* DZTouUpCashButton.m */; };
		F824DA1F1EA5FBBF0098B2FE /* NSArray+LOG.m in Sources */ = {isa = PBXBuildFile; fileRef = F824DA0A1EA5FBBF0098B2FE /* NSArray+LOG.m */; };
		F824DA201EA5FBBF0098B2FE /* NSArray+Sudoku.m in Sources */ = {isa = PBXBuildFile; fileRef = F824DA0C1EA5FBBF0098B2FE /* NSArray+Sudoku.m */; };
		F824DA211EA5FBBF0098B2FE /* NSDictionary+Log.m in Sources */ = {isa = PBXBuildFile; fileRef = F824DA0E1EA5FBBF0098B2FE /* NSDictionary+Log.m */; };
		F824DA221EA5FBBF0098B2FE /* UIColor+expanded.m in Sources */ = {isa = PBXBuildFile; fileRef = F824DA101EA5FBBF0098B2FE /* UIColor+expanded.m */; };
		F824DA231EA5FBBF0098B2FE /* UIImage+Extension.m in Sources */ = {isa = PBXBuildFile; fileRef = F824DA121EA5FBBF0098B2FE /* UIImage+Extension.m */; };
		F824DA241EA5FBBF0098B2FE /* UILabel+DZAutoSize.m in Sources */ = {isa = PBXBuildFile; fileRef = F824DA141EA5FBBF0098B2FE /* UILabel+DZAutoSize.m */; };
		F824DA251EA5FBBF0098B2FE /* UIView+Extension.m in Sources */ = {isa = PBXBuildFile; fileRef = F824DA161EA5FBBF0098B2FE /* UIView+Extension.m */; };
		F824DA261EA5FBBF0098B2FE /* UIView+ZUtility.m in Sources */ = {isa = PBXBuildFile; fileRef = F824DA181EA5FBBF0098B2FE /* UIView+ZUtility.m */; };
		F824DA271EA5FBBF0098B2FE /* UIViewController+BackButtonHandler.m in Sources */ = {isa = PBXBuildFile; fileRef = F824DA1A1EA5FBBF0098B2FE /* UIViewController+BackButtonHandler.m */; };
		F8C6C66E1EA5E22500CB1680 /* Main.storyboard in Resources */ = {isa = PBXBuildFile; fileRef = F8C6C66C1EA5E22500CB1680 /* Main.storyboard */; };
		F8C6C6701EA5E22500CB1680 /* Assets.xcassets in Resources */ = {isa = PBXBuildFile; fileRef = F8C6C66F1EA5E22500CB1680 /* Assets.xcassets */; };
		F8C6C6731EA5E22500CB1680 /* LaunchScreen.storyboard in Resources */ = {isa = PBXBuildFile; fileRef = F8C6C6711EA5E22500CB1680 /* LaunchScreen.storyboard */; };
		F8C6C67E1EA5E22500CB1680 /* AttendanceAppTests.m in Sources */ = {isa = PBXBuildFile; fileRef = F8C6C67D1EA5E22500CB1680 /* AttendanceAppTests.m */; };
		F8C6C6891EA5E22500CB1680 /* AttendanceAppUITests.m in Sources */ = {isa = PBXBuildFile; fileRef = F8C6C6881EA5E22500CB1680 /* AttendanceAppUITests.m */; };
		F8C6C6A01EA5E3A300CB1680 /* AFHttpClient.m in Sources */ = {isa = PBXBuildFile; fileRef = F8C6C69C1EA5E3A300CB1680 /* AFHttpClient.m */; };
		F8C6C6A11EA5E3A300CB1680 /* LLURLHelper.m in Sources */ = {isa = PBXBuildFile; fileRef = F8C6C69F1EA5E3A300CB1680 /* LLURLHelper.m */; };
/* End PBXBuildFile section */

/* Begin PBXContainerItemProxy section */
		F8C6C67A1EA5E22500CB1680 /* PBXContainerItemProxy */ = {
			isa = PBXContainerItemProxy;
			containerPortal = F8C6C6581EA5E22500CB1680 /* Project object */;
			proxyType = 1;
			remoteGlobalIDString = F8C6C65F1EA5E22500CB1680;
			remoteInfo = AttendanceApp;
		};
		F8C6C6851EA5E22500CB1680 /* PBXContainerItemProxy */ = {
			isa = PBXContainerItemProxy;
			containerPortal = F8C6C6581EA5E22500CB1680 /* Project object */;
			proxyType = 1;
			remoteGlobalIDString = F8C6C65F1EA5E22500CB1680;
			remoteInfo = AttendanceApp;
		};
/* End PBXContainerItemProxy section */

/* Begin PBXFileReference section */
		0B76507ED862382A5B9C5109 /* Pods_AttendanceApp.framework */ = {isa = PBXFileReference; explicitFileType = wrapper.framework; includeInIndex = 0; path = Pods_AttendanceApp.framework; sourceTree = BUILT_PRODUCTS_DIR; };
		7B16A87C3852F78C915E36F8 /* Pods-AttendanceApp.release.xcconfig */ = {isa = PBXFileReference; includeInIndex = 1; lastKnownFileType = text.xcconfig; name = "Pods-AttendanceApp.release.xcconfig"; path = "Pods/Target Support Files/Pods-AttendanceApp/Pods-AttendanceApp.release.xcconfig"; sourceTree = "<group>"; };
		F2A59115E113468F125EA128 /* Pods-AttendanceApp.debug.xcconfig */ = {isa = PBXFileReference; includeInIndex = 1; lastKnownFileType = text.xcconfig; name = "Pods-AttendanceApp.debug.xcconfig"; path = "Pods/Target Support Files/Pods-AttendanceApp/Pods-AttendanceApp.debug.xcconfig"; sourceTree = "<group>"; };
		F824D9F71EA5F8160098B2FE /* LLBaseHandler.h */ = {isa = PBXFileReference; fileEncoding = 4; lastKnownFileType = sourcecode.c.h; path = LLBaseHandler.h; sourceTree = "<group>"; };
		F824D9F81EA5F8160098B2FE /* LLBaseHandler.m */ = {isa = PBXFileReference; fileEncoding = 4; lastKnownFileType = sourcecode.c.objc; path = LLBaseHandler.m; sourceTree = "<group>"; };
		F824D9FA1EA5F8440098B2FE /* NotificationConsts.h */ = {isa = PBXFileReference; lastKnownFileType = sourcecode.c.h; path = NotificationConsts.h; sourceTree = "<group>"; };
		F824D9FB1EA5F89D0098B2FE /* PrefixHeader.pch */ = {isa = PBXFileReference; lastKnownFileType = sourcecode.c.h; name = PrefixHeader.pch; path = ../Main/PrefixHeader.pch; sourceTree = "<group>"; };
		F824D9FC1EA5F8C50098B2FE /* AppDelegate.h */ = {isa = PBXFileReference; fileEncoding = 4; lastKnownFileType = sourcecode.c.h; path = AppDelegate.h; sourceTree = "<group>"; };
		F824D9FD1EA5F8C50098B2FE /* AppDelegate.m */ = {isa = PBXFileReference; fileEncoding = 4; lastKnownFileType = sourcecode.c.objc; path = AppDelegate.m; sourceTree = "<group>"; };
		F824D9FE1EA5F8C50098B2FE /* main.m */ = {isa = PBXFileReference; fileEncoding = 4; lastKnownFileType = sourcecode.c.objc; path = main.m; sourceTree = "<group>"; };
		F824DA021EA5FBBF0098B2FE /* DZCover.h */ = {isa = PBXFileReference; fileEncoding = 4; lastKnownFileType = sourcecode.c.h; path = DZCover.h; sourceTree = "<group>"; };
		F824DA031EA5FBBF0098B2FE /* DZCover.m */ = {isa = PBXFileReference; fileEncoding = 4; lastKnownFileType = sourcecode.c.objc; path = DZCover.m; sourceTree = "<group>"; };
		F824DA041EA5FBBF0098B2FE /* DZPopMenu.h */ = {isa = PBXFileReference; fileEncoding = 4; lastKnownFileType = sourcecode.c.h; path = DZPopMenu.h; sourceTree = "<group>"; };
		F824DA051EA5FBBF0098B2FE /* DZPopMenu.m */ = {isa = PBXFileReference; fileEncoding = 4; lastKnownFileType = sourcecode.c.objc; path = DZPopMenu.m; sourceTree = "<group>"; };
		F824DA061EA5FBBF0098B2FE /* DZPopMenu.xib */ = {isa = PBXFileReference; fileEncoding = 4; lastKnownFileType = file.xib; path = DZPopMenu.xib; sourceTree = "<group>"; };
		F824DA071EA5FBBF0098B2FE /* DZTouUpCashButton.h */ = {isa = PBXFileReference; fileEncoding = 4; lastKnownFileType = sourcecode.c.h; path = DZTouUpCashButton.h; sourceTree = "<group>"; };
		F824DA081EA5FBBF0098B2FE /* DZTouUpCashButton.m */ = {isa = PBXFileReference; fileEncoding = 4; lastKnownFileType = sourcecode.c.objc; path = DZTouUpCashButton.m; sourceTree = "<group>"; };
		F824DA091EA5FBBF0098B2FE /* NSArray+LOG.h */ = {isa = PBXFileReference; fileEncoding = 4; lastKnownFileType = sourcecode.c.h; path = "NSArray+LOG.h"; sourceTree = "<group>"; };
		F824DA0A1EA5FBBF0098B2FE /* NSArray+LOG.m */ = {isa = PBXFileReference; fileEncoding = 4; lastKnownFileType = sourcecode.c.objc; path = "NSArray+LOG.m"; sourceTree = "<group>"; };
		F824DA0B1EA5FBBF0098B2FE /* NSArray+Sudoku.h */ = {isa = PBXFileReference; fileEncoding = 4; lastKnownFileType = sourcecode.c.h; path = "NSArray+Sudoku.h"; sourceTree = "<group>"; };
		F824DA0C1EA5FBBF0098B2FE /* NSArray+Sudoku.m */ = {isa = PBXFileReference; fileEncoding = 4; lastKnownFileType = sourcecode.c.objc; path = "NSArray+Sudoku.m"; sourceTree = "<group>"; };
		F824DA0D1EA5FBBF0098B2FE /* NSDictionary+Log.h */ = {isa = PBXFileReference; fileEncoding = 4; lastKnownFileType = sourcecode.c.h; path = "NSDictionary+Log.h"; sourceTree = "<group>"; };
		F824DA0E1EA5FBBF0098B2FE /* NSDictionary+Log.m */ = {isa = PBXFileReference; fileEncoding = 4; lastKnownFileType = sourcecode.c.objc; path = "NSDictionary+Log.m"; sourceTree = "<group>"; };
		F824DA0F1EA5FBBF0098B2FE /* UIColor+expanded.h */ = {isa = PBXFileReference; fileEncoding = 4; lastKnownFileType = sourcecode.c.h; path = "UIColor+expanded.h"; sourceTree = "<group>"; };
		F824DA101EA5FBBF0098B2FE /* UIColor+expanded.m */ = {isa = PBXFileReference; fileEncoding = 4; lastKnownFileType = sourcecode.c.objc; path = "UIColor+expanded.m"; sourceTree = "<group>"; };
		F824DA111EA5FBBF0098B2FE /* UIImage+Extension.h */ = {isa = PBXFileReference; fileEncoding = 4; lastKnownFileType = sourcecode.c.h; path = "UIImage+Extension.h"; sourceTree = "<group>"; };
		F824DA121EA5FBBF0098B2FE /* UIImage+Extension.m */ = {isa = PBXFileReference; fileEncoding = 4; lastKnownFileType = sourcecode.c.objc; path = "UIImage+Extension.m"; sourceTree = "<group>"; };
		F824DA131EA5FBBF0098B2FE /* UILabel+DZAutoSize.h */ = {isa = PBXFileReference; fileEncoding = 4; lastKnownFileType = sourcecode.c.h; path = "UILabel+DZAutoSize.h"; sourceTree = "<group>"; };
		F824DA141EA5FBBF0098B2FE /* UILabel+DZAutoSize.m */ = {isa = PBXFileReference; fileEncoding = 4; lastKnownFileType = sourcecode.c.objc; path = "UILabel+DZAutoSize.m"; sourceTree = "<group>"; };
		F824DA151EA5FBBF0098B2FE /* UIView+Extension.h */ = {isa = PBXFileReference; fileEncoding = 4; lastKnownFileType = sourcecode.c.h; path = "UIView+Extension.h"; sourceTree = "<group>"; };
		F824DA161EA5FBBF0098B2FE /* UIView+Extension.m */ = {isa = PBXFileReference; fileEncoding = 4; lastKnownFileType = sourcecode.c.objc; path = "UIView+Extension.m"; sourceTree = "<group>"; };
		F824DA171EA5FBBF0098B2FE /* UIView+ZUtility.h */ = {isa = PBXFileReference; fileEncoding = 4; lastKnownFileType = sourcecode.c.h; path = "UIView+ZUtility.h"; sourceTree = "<group>"; };
		F824DA181EA5FBBF0098B2FE /* UIView+ZUtility.m */ = {isa = PBXFileReference; fileEncoding = 4; lastKnownFileType = sourcecode.c.objc; path = "UIView+ZUtility.m"; sourceTree = "<group>"; };
		F824DA191EA5FBBF0098B2FE /* UIViewController+BackButtonHandler.h */ = {isa = PBXFileReference; fileEncoding = 4; lastKnownFileType = sourcecode.c.h; path = "UIViewController+BackButtonHandler.h"; sourceTree = "<group>"; };
		F824DA1A1EA5FBBF0098B2FE /* UIViewController+BackButtonHandler.m */ = {isa = PBXFileReference; fileEncoding = 4; lastKnownFileType = sourcecode.c.objc; path = "UIViewController+BackButtonHandler.m"; sourceTree = "<group>"; };
		F8C6C6601EA5E22500CB1680 /* AttendanceApp.app */ = {isa = PBXFileReference; explicitFileType = wrapper.application; includeInIndex = 0; path = AttendanceApp.app; sourceTree = BUILT_PRODUCTS_DIR; };
		F8C6C66D1EA5E22500CB1680 /* Base */ = {isa = PBXFileReference; lastKnownFileType = file.storyboard; name = Base; path = Base.lproj/Main.storyboard; sourceTree = "<group>"; };
		F8C6C66F1EA5E22500CB1680 /* Assets.xcassets */ = {isa = PBXFileReference; lastKnownFileType = folder.assetcatalog; path = Assets.xcassets; sourceTree = "<group>"; };
		F8C6C6721EA5E22500CB1680 /* Base */ = {isa = PBXFileReference; lastKnownFileType = file.storyboard; name = Base; path = Base.lproj/LaunchScreen.storyboard; sourceTree = "<group>"; };
		F8C6C6741EA5E22500CB1680 /* Info.plist */ = {isa = PBXFileReference; lastKnownFileType = text.plist.xml; path = Info.plist; sourceTree = "<group>"; };
		F8C6C6791EA5E22500CB1680 /* AttendanceAppTests.xctest */ = {isa = PBXFileReference; explicitFileType = wrapper.cfbundle; includeInIndex = 0; path = AttendanceAppTests.xctest; sourceTree = BUILT_PRODUCTS_DIR; };
		F8C6C67D1EA5E22500CB1680 /* AttendanceAppTests.m */ = {isa = PBXFileReference; lastKnownFileType = sourcecode.c.objc; path = AttendanceAppTests.m; sourceTree = "<group>"; };
		F8C6C67F1EA5E22500CB1680 /* Info.plist */ = {isa = PBXFileReference; lastKnownFileType = text.plist.xml; path = Info.plist; sourceTree = "<group>"; };
		F8C6C6841EA5E22500CB1680 /* AttendanceAppUITests.xctest */ = {isa = PBXFileReference; explicitFileType = wrapper.cfbundle; includeInIndex = 0; path = AttendanceAppUITests.xctest; sourceTree = BUILT_PRODUCTS_DIR; };
		F8C6C6881EA5E22500CB1680 /* AttendanceAppUITests.m */ = {isa = PBXFileReference; lastKnownFileType = sourcecode.c.objc; path = AttendanceAppUITests.m; sourceTree = "<group>"; };
		F8C6C68A1EA5E22500CB1680 /* Info.plist */ = {isa = PBXFileReference; lastKnownFileType = text.plist.xml; path = Info.plist; sourceTree = "<group>"; };
		F8C6C69B1EA5E3A300CB1680 /* AFHttpClient.h */ = {isa = PBXFileReference; fileEncoding = 4; lastKnownFileType = sourcecode.c.h; path = AFHttpClient.h; sourceTree = "<group>"; };
		F8C6C69C1EA5E3A300CB1680 /* AFHttpClient.m */ = {isa = PBXFileReference; fileEncoding = 4; lastKnownFileType = sourcecode.c.objc; path = AFHttpClient.m; sourceTree = "<group>"; };
		F8C6C69D1EA5E3A300CB1680 /* APIConfig.h */ = {isa = PBXFileReference; fileEncoding = 4; lastKnownFileType = sourcecode.c.h; path = APIConfig.h; sourceTree = "<group>"; };
		F8C6C69E1EA5E3A300CB1680 /* LLURLHelper.h */ = {isa = PBXFileReference; fileEncoding = 4; lastKnownFileType = sourcecode.c.h; path = LLURLHelper.h; sourceTree = "<group>"; };
		F8C6C69F1EA5E3A300CB1680 /* LLURLHelper.m */ = {isa = PBXFileReference; fileEncoding = 4; lastKnownFileType = sourcecode.c.objc; path = LLURLHelper.m; sourceTree = "<group>"; };
/* End PBXFileReference section */

/* Begin PBXFrameworksBuildPhase section */
		F8C6C65D1EA5E22500CB1680 /* Frameworks */ = {
			isa = PBXFrameworksBuildPhase;
			buildActionMask = 2147483647;
			files = (
				30A6FEC1670A78F2979A7698 /* Pods_AttendanceApp.framework in Frameworks */,
			);
			runOnlyForDeploymentPostprocessing = 0;
		};
		F8C6C6761EA5E22500CB1680 /* Frameworks */ = {
			isa = PBXFrameworksBuildPhase;
			buildActionMask = 2147483647;
			files = (
			);
			runOnlyForDeploymentPostprocessing = 0;
		};
		F8C6C6811EA5E22500CB1680 /* Frameworks */ = {
			isa = PBXFrameworksBuildPhase;
			buildActionMask = 2147483647;
			files = (
			);
			runOnlyForDeploymentPostprocessing = 0;
		};
/* End PBXFrameworksBuildPhase section */

/* Begin PBXGroup section */
		83C5759F73F370417302476C /* Pods */ = {
			isa = PBXGroup;
			children = (
				F2A59115E113468F125EA128 /* Pods-AttendanceApp.debug.xcconfig */,
				7B16A87C3852F78C915E36F8 /* Pods-AttendanceApp.release.xcconfig */,
			);
			name = Pods;
			sourceTree = "<group>";
		};
		E0ABFF9FA4C4B8D5FCE7C56B /* Frameworks */ = {
			isa = PBXGroup;
			children = (
				0B76507ED862382A5B9C5109 /* Pods_AttendanceApp.framework */,
			);
			name = Frameworks;
			sourceTree = "<group>";
		};
		F824DA011EA5FBBF0098B2FE /* Tools */ = {
			isa = PBXGroup;
			children = (
				F824DA021EA5FBBF0098B2FE /* DZCover.h */,
				F824DA031EA5FBBF0098B2FE /* DZCover.m */,
				F824DA041EA5FBBF0098B2FE /* DZPopMenu.h */,
				F824DA051EA5FBBF0098B2FE /* DZPopMenu.m */,
				F824DA061EA5FBBF0098B2FE /* DZPopMenu.xib */,
				F824DA071EA5FBBF0098B2FE /* DZTouUpCashButton.h */,
				F824DA081EA5FBBF0098B2FE /* DZTouUpCashButton.m */,
				F824DA091EA5FBBF0098B2FE /* NSArray+LOG.h */,
				F824DA0A1EA5FBBF0098B2FE /* NSArray+LOG.m */,
				F824DA0B1EA5FBBF0098B2FE /* NSArray+Sudoku.h */,
				F824DA0C1EA5FBBF0098B2FE /* NSArray+Sudoku.m */,
				F824DA0D1EA5FBBF0098B2FE /* NSDictionary+Log.h */,
				F824DA0E1EA5FBBF0098B2FE /* NSDictionary+Log.m */,
				F824DA0F1EA5FBBF0098B2FE /* UIColor+expanded.h */,
				F824DA101EA5FBBF0098B2FE /* UIColor+expanded.m */,
				F824DA111EA5FBBF0098B2FE /* UIImage+Extension.h */,
				F824DA121EA5FBBF0098B2FE /* UIImage+Extension.m */,
				F824DA131EA5FBBF0098B2FE /* UILabel+DZAutoSize.h */,
				F824DA141EA5FBBF0098B2FE /* UILabel+DZAutoSize.m */,
				F824DA151EA5FBBF0098B2FE /* UIView+Extension.h */,
				F824DA161EA5FBBF0098B2FE /* UIView+Extension.m */,
				F824DA171EA5FBBF0098B2FE /* UIView+ZUtility.h */,
				F824DA181EA5FBBF0098B2FE /* UIView+ZUtility.m */,
				F824DA191EA5FBBF0098B2FE /* UIViewController+BackButtonHandler.h */,
				F824DA1A1EA5FBBF0098B2FE /* UIViewController+BackButtonHandler.m */,
			);
			path = Tools;
			sourceTree = "<group>";
		};
		F8C6C6571EA5E22500CB1680 = {
			isa = PBXGroup;
			children = (
				F8C6C6621EA5E22500CB1680 /* AttendanceApp */,
				F8C6C67C1EA5E22500CB1680 /* AttendanceAppTests */,
				F8C6C6871EA5E22500CB1680 /* AttendanceAppUITests */,
				F8C6C6611EA5E22500CB1680 /* Products */,
				83C5759F73F370417302476C /* Pods */,
				E0ABFF9FA4C4B8D5FCE7C56B /* Frameworks */,
			);
			sourceTree = "<group>";
		};
		F8C6C6611EA5E22500CB1680 /* Products */ = {
			isa = PBXGroup;
			children = (
				F8C6C6601EA5E22500CB1680 /* AttendanceApp.app */,
				F8C6C6791EA5E22500CB1680 /* AttendanceAppTests.xctest */,
				F8C6C6841EA5E22500CB1680 /* AttendanceAppUITests.xctest */,
			);
			name = Products;
			sourceTree = "<group>";
		};
		F8C6C6621EA5E22500CB1680 /* AttendanceApp */ = {
			isa = PBXGroup;
			children = (
				F8C6C6981EA5E36100CB1680 /* Main */,
				F8C6C6961EA5E36100CB1680 /* 3rdLib */,
				F8C6C6971EA5E36100CB1680 /* Other */,
				F8C6C6991EA5E36100CB1680 /* Network */,
				F8C6C69A1EA5E36100CB1680 /* Macros */,
				F824DA011EA5FBBF0098B2FE /* Tools */,
				F8C6C6631EA5E22500CB1680 /* Supporting Files */,
			);
			path = AttendanceApp;
			sourceTree = "<group>";
		};
		F8C6C6631EA5E22500CB1680 /* Supporting Files */ = {
			isa = PBXGroup;
			children = (
				F8C6C66C1EA5E22500CB1680 /* Main.storyboard */,
				F8C6C66F1EA5E22500CB1680 /* Assets.xcassets */,
				F8C6C6711EA5E22500CB1680 /* LaunchScreen.storyboard */,
				F8C6C6741EA5E22500CB1680 /* Info.plist */,
			);
			name = "Supporting Files";
			sourceTree = "<group>";
		};
		F8C6C67C1EA5E22500CB1680 /* AttendanceAppTests */ = {
			isa = PBXGroup;
			children = (
				F8C6C67D1EA5E22500CB1680 /* AttendanceAppTests.m */,
				F8C6C67F1EA5E22500CB1680 /* Info.plist */,
			);
			path = AttendanceAppTests;
			sourceTree = "<group>";
		};
		F8C6C6871EA5E22500CB1680 /* AttendanceAppUITests */ = {
			isa = PBXGroup;
			children = (
				F8C6C6881EA5E22500CB1680 /* AttendanceAppUITests.m */,
				F8C6C68A1EA5E22500CB1680 /* Info.plist */,
			);
			path = AttendanceAppUITests;
			sourceTree = "<group>";
		};
		F8C6C6961EA5E36100CB1680 /* 3rdLib */ = {
			isa = PBXGroup;
			children = (
			);
			path = 3rdLib;
			sourceTree = "<group>";
		};
		F8C6C6971EA5E36100CB1680 /* Other */ = {
			isa = PBXGroup;
			children = (
			);
			path = Other;
			sourceTree = "<group>";
		};
		F8C6C6981EA5E36100CB1680 /* Main */ = {
			isa = PBXGroup;
			children = (
				F824D9FC1EA5F8C50098B2FE /* AppDelegate.h */,
				F824D9FD1EA5F8C50098B2FE /* AppDelegate.m */,
				F824D9FE1EA5F8C50098B2FE /* main.m */,
			);
			path = Main;
			sourceTree = "<group>";
		};
		F8C6C6991EA5E36100CB1680 /* Network */ = {
			isa = PBXGroup;
			children = (
				F8C6C69B1EA5E3A300CB1680 /* AFHttpClient.h */,
				F8C6C69C1EA5E3A300CB1680 /* AFHttpClient.m */,
				F8C6C69D1EA5E3A300CB1680 /* APIConfig.h */,
				F8C6C69E1EA5E3A300CB1680 /* LLURLHelper.h */,
				F8C6C69F1EA5E3A300CB1680 /* LLURLHelper.m */,
				F8C6C6A21EA5E3F000CB1680 /* Handle */,
			);
			path = Network;
			sourceTree = "<group>";
		};
		F8C6C69A1EA5E36100CB1680 /* Macros */ = {
			isa = PBXGroup;
			children = (
				F824D9FB1EA5F89D0098B2FE /* PrefixHeader.pch */,
				F824D9FA1EA5F8440098B2FE /* NotificationConsts.h */,
			);
			path = Macros;
			sourceTree = "<group>";
		};
		F8C6C6A21EA5E3F000CB1680 /* Handle */ = {
			isa = PBXGroup;
			children = (
				F824D9F71EA5F8160098B2FE /* LLBaseHandler.h */,
				F824D9F81EA5F8160098B2FE /* LLBaseHandler.m */,
			);
			path = Handle;
			sourceTree = "<group>";
		};
/* End PBXGroup section */

/* Begin PBXNativeTarget section */
		F8C6C65F1EA5E22500CB1680 /* AttendanceApp */ = {
			isa = PBXNativeTarget;
			buildConfigurationList = F8C6C68D1EA5E22500CB1680 /* Build configuration list for PBXNativeTarget "AttendanceApp" */;
			buildPhases = (
				66B3F1EF2E457C8CFA3BBEE1 /* [CP] Check Pods Manifest.lock */,
				F8C6C65C1EA5E22500CB1680 /* Sources */,
				F8C6C65D1EA5E22500CB1680 /* Frameworks */,
				F8C6C65E1EA5E22500CB1680 /* Resources */,
				B6BB7FD1D7F7C6075016FBBD /* [CP] Embed Pods Frameworks */,
				6ABEBA3221518E9518DA4B66 /* [CP] Copy Pods Resources */,
			);
			buildRules = (
			);
			dependencies = (
			);
			name = AttendanceApp;
			productName = AttendanceApp;
			productReference = F8C6C6601EA5E22500CB1680 /* AttendanceApp.app */;
			productType = "com.apple.product-type.application";
		};
		F8C6C6781EA5E22500CB1680 /* AttendanceAppTests */ = {
			isa = PBXNativeTarget;
			buildConfigurationList = F8C6C6901EA5E22500CB1680 /* Build configuration list for PBXNativeTarget "AttendanceAppTests" */;
			buildPhases = (
				F8C6C6751EA5E22500CB1680 /* Sources */,
				F8C6C6761EA5E22500CB1680 /* Frameworks */,
				F8C6C6771EA5E22500CB1680 /* Resources */,
			);
			buildRules = (
			);
			dependencies = (
				F8C6C67B1EA5E22500CB1680 /* PBXTargetDependency */,
			);
			name = AttendanceAppTests;
			productName = AttendanceAppTests;
			productReference = F8C6C6791EA5E22500CB1680 /* AttendanceAppTests.xctest */;
			productType = "com.apple.product-type.bundle.unit-test";
		};
		F8C6C6831EA5E22500CB1680 /* AttendanceAppUITests */ = {
			isa = PBXNativeTarget;
			buildConfigurationList = F8C6C6931EA5E22500CB1680 /* Build configuration list for PBXNativeTarget "AttendanceAppUITests" */;
			buildPhases = (
				F8C6C6801EA5E22500CB1680 /* Sources */,
				F8C6C6811EA5E22500CB1680 /* Frameworks */,
				F8C6C6821EA5E22500CB1680 /* Resources */,
			);
			buildRules = (
			);
			dependencies = (
				F8C6C6861EA5E22500CB1680 /* PBXTargetDependency */,
			);
			name = AttendanceAppUITests;
			productName = AttendanceAppUITests;
			productReference = F8C6C6841EA5E22500CB1680 /* AttendanceAppUITests.xctest */;
			productType = "com.apple.product-type.bundle.ui-testing";
		};
/* End PBXNativeTarget section */

/* Begin PBXProject section */
		F8C6C6581EA5E22500CB1680 /* Project object */ = {
			isa = PBXProject;
			attributes = {
				LastUpgradeCheck = 0830;
				ORGANIZATIONNAME = "Chengdu Wangding Technology co.,LTD.";
				TargetAttributes = {
					F8C6C65F1EA5E22500CB1680 = {
						CreatedOnToolsVersion = 8.3.1;
						DevelopmentTeam = 646WL2FXVT;
						ProvisioningStyle = Automatic;
					};
					F8C6C6781EA5E22500CB1680 = {
						CreatedOnToolsVersion = 8.3.1;
						DevelopmentTeam = 646WL2FXVT;
						ProvisioningStyle = Automatic;
						TestTargetID = F8C6C65F1EA5E22500CB1680;
					};
					F8C6C6831EA5E22500CB1680 = {
						CreatedOnToolsVersion = 8.3.1;
						DevelopmentTeam = 646WL2FXVT;
						ProvisioningStyle = Automatic;
						TestTargetID = F8C6C65F1EA5E22500CB1680;
					};
				};
			};
			buildConfigurationList = F8C6C65B1EA5E22500CB1680 /* Build configuration list for PBXProject "AttendanceApp" */;
			compatibilityVersion = "Xcode 3.2";
			developmentRegion = English;
			hasScannedForEncodings = 0;
			knownRegions = (
				en,
				Base,
			);
			mainGroup = F8C6C6571EA5E22500CB1680;
			productRefGroup = F8C6C6611EA5E22500CB1680 /* Products */;
			projectDirPath = "";
			projectRoot = "";
			targets = (
				F8C6C65F1EA5E22500CB1680 /* AttendanceApp */,
				F8C6C6781EA5E22500CB1680 /* AttendanceAppTests */,
				F8C6C6831EA5E22500CB1680 /* AttendanceAppUITests */,
			);
		};
/* End PBXProject section */

/* Begin PBXResourcesBuildPhase section */
		F8C6C65E1EA5E22500CB1680 /* Resources */ = {
			isa = PBXResourcesBuildPhase;
			buildActionMask = 2147483647;
			files = (
				F824DA1D1EA5FBBF0098B2FE /* DZPopMenu.xib in Resources */,
				F8C6C6731EA5E22500CB1680 /* LaunchScreen.storyboard in Resources */,
				F8C6C6701EA5E22500CB1680 /* Assets.xcassets in Resources */,
				F8C6C66E1EA5E22500CB1680 /* Main.storyboard in Resources */,
			);
			runOnlyForDeploymentPostprocessing = 0;
		};
		F8C6C6771EA5E22500CB1680 /* Resources */ = {
			isa = PBXResourcesBuildPhase;
			buildActionMask = 2147483647;
			files = (
			);
			runOnlyForDeploymentPostprocessing = 0;
		};
		F8C6C6821EA5E22500CB1680 /* Resources */ = {
			isa = PBXResourcesBuildPhase;
			buildActionMask = 2147483647;
			files = (
			);
			runOnlyForDeploymentPostprocessing = 0;
		};
/* End PBXResourcesBuildPhase section */

/* Begin PBXShellScriptBuildPhase section */
		66B3F1EF2E457C8CFA3BBEE1 /* [CP] Check Pods Manifest.lock */ = {
			isa = PBXShellScriptBuildPhase;
			buildActionMask = 2147483647;
			files = (
			);
			inputPaths = (
			);
			name = "[CP] Check Pods Manifest.lock";
			outputPaths = (
			);
			runOnlyForDeploymentPostprocessing = 0;
			shellPath = /bin/sh;
			shellScript = "diff \"${PODS_ROOT}/../Podfile.lock\" \"${PODS_ROOT}/Manifest.lock\" > /dev/null\nif [ $? != 0 ] ; then\n    # print error to STDERR\n    echo \"error: The sandbox is not in sync with the Podfile.lock. Run 'pod install' or update your CocoaPods installation.\" >&2\n    exit 1\nfi\n";
			showEnvVarsInLog = 0;
		};
		6ABEBA3221518E9518DA4B66 /* [CP] Copy Pods Resources */ = {
			isa = PBXShellScriptBuildPhase;
			buildActionMask = 2147483647;
			files = (
			);
			inputPaths = (
			);
			name = "[CP] Copy Pods Resources";
			outputPaths = (
			);
			runOnlyForDeploymentPostprocessing = 0;
			shellPath = /bin/sh;
			shellScript = "\"${SRCROOT}/Pods/Target Support Files/Pods-AttendanceApp/Pods-AttendanceApp-resources.sh\"\n";
			showEnvVarsInLog = 0;
		};
		B6BB7FD1D7F7C6075016FBBD /* [CP] Embed Pods Frameworks */ = {
			isa = PBXShellScriptBuildPhase;
			buildActionMask = 2147483647;
			files = (
			);
			inputPaths = (
			);
			name = "[CP] Embed Pods Frameworks";
			outputPaths = (
			);
			runOnlyForDeploymentPostprocessing = 0;
			shellPath = /bin/sh;
			shellScript = "\"${SRCROOT}/Pods/Target Support Files/Pods-AttendanceApp/Pods-AttendanceApp-frameworks.sh\"\n";
			showEnvVarsInLog = 0;
		};
/* End PBXShellScriptBuildPhase section */

/* Begin PBXSourcesBuildPhase section */
		F8C6C65C1EA5E22500CB1680 /* Sources */ = {
			isa = PBXSourcesBuildPhase;
			buildActionMask = 2147483647;
			files = (
				F824DA251EA5FBBF0098B2FE /* UIView+Extension.m in Sources */,
				F824DA1F1EA5FBBF0098B2FE /* NSArray+LOG.m in Sources */,
				F8C6C6A01EA5E3A300CB1680 /* AFHttpClient.m in Sources */,
				F824DA221EA5FBBF0098B2FE /* UIColor+expanded.m in Sources */,
				F8C6C6A11EA5E3A300CB1680 /* LLURLHelper.m in Sources */,
				F824D9F91EA5F8160098B2FE /* LLBaseHandler.m in Sources */,
				F824DA1B1EA5FBBF0098B2FE /* DZCover.m in Sources */,
				F824DA211EA5FBBF0098B2FE /* NSDictionary+Log.m in Sources */,
				F824DA1E1EA5FBBF0098B2FE /* DZTouUpCashButton.m in Sources */,
				F824DA231EA5FBBF0098B2FE /* UIImage+Extension.m in Sources */,
				F824DA001EA5F8C50098B2FE /* main.m in Sources */,
				F824DA241EA5FBBF0098B2FE /* UILabel+DZAutoSize.m in Sources */,
				F824D9FF1EA5F8C50098B2FE /* AppDelegate.m in Sources */,
				F824DA271EA5FBBF0098B2FE /* UIViewController+BackButtonHandler.m in Sources */,
				F824DA1C1EA5FBBF0098B2FE /* DZPopMenu.m in Sources */,
				F824DA261EA5FBBF0098B2FE /* UIView+ZUtility.m in Sources */,
				F824DA201EA5FBBF0098B2FE /* NSArray+Sudoku.m in Sources */,
			);
			runOnlyForDeploymentPostprocessing = 0;
		};
		F8C6C6751EA5E22500CB1680 /* Sources */ = {
			isa = PBXSourcesBuildPhase;
			buildActionMask = 2147483647;
			files = (
				F8C6C67E1EA5E22500CB1680 /* AttendanceAppTests.m in Sources */,
			);
			runOnlyForDeploymentPostprocessing = 0;
		};
		F8C6C6801EA5E22500CB1680 /* Sources */ = {
			isa = PBXSourcesBuildPhase;
			buildActionMask = 2147483647;
			files = (
				F8C6C6891EA5E22500CB1680 /* AttendanceAppUITests.m in Sources */,
			);
			runOnlyForDeploymentPostprocessing = 0;
		};
/* End PBXSourcesBuildPhase section */

/* Begin PBXTargetDependency section */
		F8C6C67B1EA5E22500CB1680 /* PBXTargetDependency */ = {
			isa = PBXTargetDependency;
			target = F8C6C65F1EA5E22500CB1680 /* AttendanceApp */;
			targetProxy = F8C6C67A1EA5E22500CB1680 /* PBXContainerItemProxy */;
		};
		F8C6C6861EA5E22500CB1680 /* PBXTargetDependency */ = {
			isa = PBXTargetDependency;
			target = F8C6C65F1EA5E22500CB1680 /* AttendanceApp */;
			targetProxy = F8C6C6851EA5E22500CB1680 /* PBXContainerItemProxy */;
		};
/* End PBXTargetDependency section */

/* Begin PBXVariantGroup section */
		F8C6C66C1EA5E22500CB1680 /* Main.storyboard */ = {
			isa = PBXVariantGroup;
			children = (
				F8C6C66D1EA5E22500CB1680 /* Base */,
			);
			name = Main.storyboard;
			sourceTree = "<group>";
		};
		F8C6C6711EA5E22500CB1680 /* LaunchScreen.storyboard */ = {
			isa = PBXVariantGroup;
			children = (
				F8C6C6721EA5E22500CB1680 /* Base */,
			);
			name = LaunchScreen.storyboard;
			sourceTree = "<group>";
		};
/* End PBXVariantGroup section */

/* Begin XCBuildConfiguration section */
		F8C6C68B1EA5E22500CB1680 /* Debug */ = {
			isa = XCBuildConfiguration;
			buildSettings = {
				ALWAYS_SEARCH_USER_PATHS = NO;
				CLANG_ANALYZER_NONNULL = YES;
				CLANG_ANALYZER_NUMBER_OBJECT_CONVERSION = YES_AGGRESSIVE;
				CLANG_CXX_LANGUAGE_STANDARD = "gnu++0x";
				CLANG_CXX_LIBRARY = "libc++";
				CLANG_ENABLE_MODULES = YES;
				CLANG_ENABLE_OBJC_ARC = YES;
				CLANG_WARN_BOOL_CONVERSION = YES;
				CLANG_WARN_CONSTANT_CONVERSION = YES;
				CLANG_WARN_DIRECT_OBJC_ISA_USAGE = YES_ERROR;
				CLANG_WARN_DOCUMENTATION_COMMENTS = YES;
				CLANG_WARN_EMPTY_BODY = YES;
				CLANG_WARN_ENUM_CONVERSION = YES;
				CLANG_WARN_INFINITE_RECURSION = YES;
				CLANG_WARN_INT_CONVERSION = YES;
				CLANG_WARN_OBJC_ROOT_CLASS = YES_ERROR;
				CLANG_WARN_SUSPICIOUS_MOVE = YES;
				CLANG_WARN_UNREACHABLE_CODE = YES;
				CLANG_WARN__DUPLICATE_METHOD_MATCH = YES;
				"CODE_SIGN_IDENTITY[sdk=iphoneos*]" = "iPhone Developer";
				COPY_PHASE_STRIP = NO;
				DEBUG_INFORMATION_FORMAT = dwarf;
				ENABLE_STRICT_OBJC_MSGSEND = YES;
				ENABLE_TESTABILITY = YES;
				GCC_C_LANGUAGE_STANDARD = gnu99;
				GCC_DYNAMIC_NO_PIC = NO;
				GCC_NO_COMMON_BLOCKS = YES;
				GCC_OPTIMIZATION_LEVEL = 0;
				GCC_PREPROCESSOR_DEFINITIONS = (
					"DEBUG=1",
					"$(inherited)",
				);
				GCC_WARN_64_TO_32_BIT_CONVERSION = YES;
				GCC_WARN_ABOUT_RETURN_TYPE = YES_ERROR;
				GCC_WARN_UNDECLARED_SELECTOR = YES;
				GCC_WARN_UNINITIALIZED_AUTOS = YES_AGGRESSIVE;
				GCC_WARN_UNUSED_FUNCTION = YES;
				GCC_WARN_UNUSED_VARIABLE = YES;
				IPHONEOS_DEPLOYMENT_TARGET = 10.3;
				MTL_ENABLE_DEBUG_INFO = YES;
				ONLY_ACTIVE_ARCH = YES;
				SDKROOT = iphoneos;
				TARGETED_DEVICE_FAMILY = "1,2";
			};
			name = Debug;
		};
		F8C6C68C1EA5E22500CB1680 /* Release */ = {
			isa = XCBuildConfiguration;
			buildSettings = {
				ALWAYS_SEARCH_USER_PATHS = NO;
				CLANG_ANALYZER_NONNULL = YES;
				CLANG_ANALYZER_NUMBER_OBJECT_CONVERSION = YES_AGGRESSIVE;
				CLANG_CXX_LANGUAGE_STANDARD = "gnu++0x";
				CLANG_CXX_LIBRARY = "libc++";
				CLANG_ENABLE_MODULES = YES;
				CLANG_ENABLE_OBJC_ARC = YES;
				CLANG_WARN_BOOL_CONVERSION = YES;
				CLANG_WARN_CONSTANT_CONVERSION = YES;
				CLANG_WARN_DIRECT_OBJC_ISA_USAGE = YES_ERROR;
				CLANG_WARN_DOCUMENTATION_COMMENTS = YES;
				CLANG_WARN_EMPTY_BODY = YES;
				CLANG_WARN_ENUM_CONVERSION = YES;
				CLANG_WARN_INFINITE_RECURSION = YES;
				CLANG_WARN_INT_CONVERSION = YES;
				CLANG_WARN_OBJC_ROOT_CLASS = YES_ERROR;
				CLANG_WARN_SUSPICIOUS_MOVE = YES;
				CLANG_WARN_UNREACHABLE_CODE = YES;
				CLANG_WARN__DUPLICATE_METHOD_MATCH = YES;
				"CODE_SIGN_IDENTITY[sdk=iphoneos*]" = "iPhone Developer";
				COPY_PHASE_STRIP = NO;
				DEBUG_INFORMATION_FORMAT = "dwarf-with-dsym";
				ENABLE_NS_ASSERTIONS = NO;
				ENABLE_STRICT_OBJC_MSGSEND = YES;
				GCC_C_LANGUAGE_STANDARD = gnu99;
				GCC_NO_COMMON_BLOCKS = YES;
				GCC_WARN_64_TO_32_BIT_CONVERSION = YES;
				GCC_WARN_ABOUT_RETURN_TYPE = YES_ERROR;
				GCC_WARN_UNDECLARED_SELECTOR = YES;
				GCC_WARN_UNINITIALIZED_AUTOS = YES_AGGRESSIVE;
				GCC_WARN_UNUSED_FUNCTION = YES;
				GCC_WARN_UNUSED_VARIABLE = YES;
				IPHONEOS_DEPLOYMENT_TARGET = 10.3;
				MTL_ENABLE_DEBUG_INFO = NO;
				SDKROOT = iphoneos;
				TARGETED_DEVICE_FAMILY = "1,2";
				VALIDATE_PRODUCT = YES;
			};
			name = Release;
		};
		F8C6C68E1EA5E22500CB1680 /* Debug */ = {
			isa = XCBuildConfiguration;
			baseConfigurationReference = F2A59115E113468F125EA128 /* Pods-AttendanceApp.debug.xcconfig */;
			buildSettings = {
				ASSETCATALOG_COMPILER_APPICON_NAME = AppIcon;
				DEVELOPMENT_TEAM = 646WL2FXVT;
				GCC_PREFIX_HEADER = $SRCROOT/AttendanceApp/Main/PrefixHeader.pch;
				INFOPLIST_FILE = AttendanceApp/Info.plist;
				LD_RUNPATH_SEARCH_PATHS = "$(inherited) @executable_path/Frameworks";
				PRODUCT_BUNDLE_IDENTIFIER = lxcg.AttendanceApp;
				PRODUCT_NAME = "$(TARGET_NAME)";
			};
			name = Debug;
		};
		F8C6C68F1EA5E22500CB1680 /* Release */ = {
			isa = XCBuildConfiguration;
			baseConfigurationReference = 7B16A87C3852F78C915E36F8 /* Pods-AttendanceApp.release.xcconfig */;
			buildSettings = {
				ASSETCATALOG_COMPILER_APPICON_NAME = AppIcon;
				DEVELOPMENT_TEAM = 646WL2FXVT;
				GCC_PREFIX_HEADER = $SRCROOT/AttendanceApp/Main/PrefixHeader.pch;
				INFOPLIST_FILE = AttendanceApp/Info.plist;
				LD_RUNPATH_SEARCH_PATHS = "$(inherited) @executable_path/Frameworks";
				PRODUCT_BUNDLE_IDENTIFIER = lxcg.AttendanceApp;
				PRODUCT_NAME = "$(TARGET_NAME)";
			};
			name = Release;
		};
		F8C6C6911EA5E22500CB1680 /* Debug */ = {
			isa = XCBuildConfiguration;
			buildSettings = {
				BUNDLE_LOADER = "$(TEST_HOST)";
				DEVELOPMENT_TEAM = 646WL2FXVT;
				INFOPLIST_FILE = AttendanceAppTests/Info.plist;
				LD_RUNPATH_SEARCH_PATHS = "$(inherited) @executable_path/Frameworks @loader_path/Frameworks";
				PRODUCT_BUNDLE_IDENTIFIER = lxcg.AttendanceAppTests;
				PRODUCT_NAME = "$(TARGET_NAME)";
				TEST_HOST = "$(BUILT_PRODUCTS_DIR)/AttendanceApp.app/AttendanceApp";
			};
			name = Debug;
		};
		F8C6C6921EA5E22500CB1680 /* Release */ = {
			isa = XCBuildConfiguration;
			buildSettings = {
				BUNDLE_LOADER = "$(TEST_HOST)";
				DEVELOPMENT_TEAM = 646WL2FXVT;
				INFOPLIST_FILE = AttendanceAppTests/Info.plist;
				LD_RUNPATH_SEARCH_PATHS = "$(inherited) @executable_path/Frameworks @loader_path/Frameworks";
				PRODUCT_BUNDLE_IDENTIFIER = lxcg.AttendanceAppTests;
				PRODUCT_NAME = "$(TARGET_NAME)";
				TEST_HOST = "$(BUILT_PRODUCTS_DIR)/AttendanceApp.app/AttendanceApp";
			};
			name = Release;
		};
		F8C6C6941EA5E22500CB1680 /* Debug */ = {
			isa = XCBuildConfiguration;
			buildSettings = {
				DEVELOPMENT_TEAM = 646WL2FXVT;
				INFOPLIST_FILE = AttendanceAppUITests/Info.plist;
				LD_RUNPATH_SEARCH_PATHS = "$(inherited) @executable_path/Frameworks @loader_path/Frameworks";
				PRODUCT_BUNDLE_IDENTIFIER = lxcg.AttendanceAppUITests;
				PRODUCT_NAME = "$(TARGET_NAME)";
				TEST_TARGET_NAME = AttendanceApp;
			};
			name = Debug;
		};
		F8C6C6951EA5E22500CB1680 /* Release */ = {
			isa = XCBuildConfiguration;
			buildSettings = {
				DEVELOPMENT_TEAM = 646WL2FXVT;
				INFOPLIST_FILE = AttendanceAppUITests/Info.plist;
				LD_RUNPATH_SEARCH_PATHS = "$(inherited) @executable_path/Frameworks @loader_path/Frameworks";
				PRODUCT_BUNDLE_IDENTIFIER = lxcg.AttendanceAppUITests;
				PRODUCT_NAME = "$(TARGET_NAME)";
				TEST_TARGET_NAME = AttendanceApp;
			};
			name = Release;
		};
/* End XCBuildConfiguration section */

/* Begin XCConfigurationList section */
		F8C6C65B1EA5E22500CB1680 /* Build configuration list for PBXProject "AttendanceApp" */ = {
			isa = XCConfigurationList;
			buildConfigurations = (
				F8C6C68B1EA5E22500CB1680 /* Debug */,
				F8C6C68C1EA5E22500CB1680 /* Release */,
			);
			defaultConfigurationIsVisible = 0;
			defaultConfigurationName = Release;
		};
		F8C6C68D1EA5E22500CB1680 /* Build configuration list for PBXNativeTarget "AttendanceApp" */ = {
			isa = XCConfigurationList;
			buildConfigurations = (
				F8C6C68E1EA5E22500CB1680 /* Debug */,
				F8C6C68F1EA5E22500CB1680 /* Release */,
			);
			defaultConfigurationIsVisible = 0;
			defaultConfigurationName = Release;
		};
		F8C6C6901EA5E22500CB1680 /* Build configuration list for PBXNativeTarget "AttendanceAppTests" */ = {
			isa = XCConfigurationList;
			buildConfigurations = (
				F8C6C6911EA5E22500CB1680 /* Debug */,
				F8C6C6921EA5E22500CB1680 /* Release */,
			);
			defaultConfigurationIsVisible = 0;
			defaultConfigurationName = Release;
		};
		F8C6C6931EA5E22500CB1680 /* Build configuration list for PBXNativeTarget "AttendanceAppUITests" */ = {
			isa = XCConfigurationList;
			buildConfigurations = (
				F8C6C6941EA5E22500CB1680 /* Debug */,
				F8C6C6951EA5E22500CB1680 /* Release */,
			);
			defaultConfigurationIsVisible = 0;
			defaultConfigurationName = Release;
		};
/* End XCConfigurationList section */
	};
	rootObject = F8C6C6581EA5E22500CB1680 /* Project object */;
}
